// !$*UTF8*$!
{
	archiveVersion = 1;
	classes = {
	};
	objectVersion = 46;
	objects = {

/* Begin PBXBuildFile section */
		63F4A6A01D3FD5050061BFE8 /* Assets.xcassets in Resources */ = {isa = PBXBuildFile; fileRef = 63F4A69F1D3FD5050061BFE8 /* Assets.xcassets */; };
		63F4A6A31D3FD5050061BFE8 /* LaunchScreen.storyboard in Resources */ = {isa = PBXBuildFile; fileRef = 63F4A6A11D3FD5050061BFE8 /* LaunchScreen.storyboard */; };
		63F4A6AE1D3FD5050061BFE8 /* DRTourSwiftTests.swift in Sources */ = {isa = PBXBuildFile; fileRef = 63F4A6AD1D3FD5050061BFE8 /* DRTourSwiftTests.swift */; };
		63F4A6B91D3FD5050061BFE8 /* DRTourSwiftUITests.swift in Sources */ = {isa = PBXBuildFile; fileRef = 63F4A6B81D3FD5050061BFE8 /* DRTourSwiftUITests.swift */; };
		63F4A6CA1D3FD5AC0061BFE8 /* AppDelegate.swift in Sources */ = {isa = PBXBuildFile; fileRef = 63F4A6C91D3FD5AC0061BFE8 /* AppDelegate.swift */; };
		63F4A6DC1D3FD6430061BFE8 /* Animator.swift in Sources */ = {isa = PBXBuildFile; fileRef = 63F4A6D91D3FD6430061BFE8 /* Animator.swift */; };
		63F4A6DD1D3FD6430061BFE8 /* PullToRefreshExtension.swift in Sources */ = {isa = PBXBuildFile; fileRef = 63F4A6DA1D3FD6430061BFE8 /* PullToRefreshExtension.swift */; };
		63F4A6DE1D3FD6430061BFE8 /* PullToRefreshView.swift in Sources */ = {isa = PBXBuildFile; fileRef = 63F4A6DB1D3FD6430061BFE8 /* PullToRefreshView.swift */; };
		63F4A6E11D3FD6A10061BFE8 /* DRAlert.swift in Sources */ = {isa = PBXBuildFile; fileRef = 63F4A6E01D3FD6A10061BFE8 /* DRAlert.swift */; };
		ED15C7FB1D40B09E001FF7D3 /* DRScanfCodeVC.swift in Sources */ = {isa = PBXBuildFile; fileRef = ED15C7FA1D40B09E001FF7D3 /* DRScanfCodeVC.swift */; };
		ED15C8021D40C378001FF7D3 /* DRBaseScanfCodeVC.swift in Sources */ = {isa = PBXBuildFile; fileRef = ED15C8011D40C378001FF7D3 /* DRBaseScanfCodeVC.swift */; };
		ED15C8041D40C3B5001FF7D3 /* DRBaseScanfCodeSettingView.swift in Sources */ = {isa = PBXBuildFile; fileRef = ED15C8031D40C3B5001FF7D3 /* DRBaseScanfCodeSettingView.swift */; };
		ED15C8061D40C3C5001FF7D3 /* DRBaseScanfCodeSettingView.xib in Resources */ = {isa = PBXBuildFile; fileRef = ED15C8051D40C3C5001FF7D3 /* DRBaseScanfCodeSettingView.xib */; };
		ED15C8101D40C62C001FF7D3 /* image_qr_corner_001_@2x.png in Resources */ = {isa = PBXBuildFile; fileRef = ED15C8071D40C62C001FF7D3 /* image_qr_corner_001_@2x.png */; };
		ED15C8111D40C62C001FF7D3 /* image_qr_corner_001_@3x.png in Resources */ = {isa = PBXBuildFile; fileRef = ED15C8081D40C62C001FF7D3 /* image_qr_corner_001_@3x.png */; };
		ED15C8121D40C62C001FF7D3 /* image_qr_corner_002_@2x.png in Resources */ = {isa = PBXBuildFile; fileRef = ED15C8091D40C62C001FF7D3 /* image_qr_corner_002_@2x.png */; };
		ED15C8131D40C62C001FF7D3 /* image_qr_corner_002_@3x.png in Resources */ = {isa = PBXBuildFile; fileRef = ED15C80A1D40C62C001FF7D3 /* image_qr_corner_002_@3x.png */; };
		ED15C8141D40C62C001FF7D3 /* image_qr_corner_003_@2x.png in Resources */ = {isa = PBXBuildFile; fileRef = ED15C80B1D40C62C001FF7D3 /* image_qr_corner_003_@2x.png */; };
		ED15C8151D40C62C001FF7D3 /* image_qr_corner_003_@3x.png in Resources */ = {isa = PBXBuildFile; fileRef = ED15C80C1D40C62C001FF7D3 /* image_qr_corner_003_@3x.png */; };
		ED15C8161D40C62C001FF7D3 /* image_qr_corner_004_@2x.png in Resources */ = {isa = PBXBuildFile; fileRef = ED15C80D1D40C62C001FF7D3 /* image_qr_corner_004_@2x.png */; };
		ED15C8171D40C62C001FF7D3 /* image_qr_corner_004_@3x.png in Resources */ = {isa = PBXBuildFile; fileRef = ED15C80E1D40C62C001FF7D3 /* image_qr_corner_004_@3x.png */; };
		ED15C8181D40C62C001FF7D3 /* image_qr_scan_line_001@2x.png in Resources */ = {isa = PBXBuildFile; fileRef = ED15C80F1D40C62C001FF7D3 /* image_qr_scan_line_001@2x.png */; };
		ED67F5FB1D40523200E17A67 /* DRTabBarController.swift in Sources */ = {isa = PBXBuildFile; fileRef = ED67F5F61D40523200E17A67 /* DRTabBarController.swift */; };
		ED67F5FE1D40524F00E17A67 /* DRAliCloudVC.swift in Sources */ = {isa = PBXBuildFile; fileRef = ED67F5FC1D40524F00E17A67 /* DRAliCloudVC.swift */; };
		ED67F5FF1D40524F00E17A67 /* DRAliCloudVC.xib in Resources */ = {isa = PBXBuildFile; fileRef = ED67F5FD1D40524F00E17A67 /* DRAliCloudVC.xib */; };
		ED67F6021D4052E000E17A67 /* DRPersonVC.swift in Sources */ = {isa = PBXBuildFile; fileRef = ED67F6001D4052E000E17A67 /* DRPersonVC.swift */; };
		ED67F6031D4052E000E17A67 /* DRPersonVC.xib in Resources */ = {isa = PBXBuildFile; fileRef = ED67F6011D4052E000E17A67 /* DRPersonVC.xib */; };
		ED67F6061D40531D00E17A67 /* DRConsoleVC.swift in Sources */ = {isa = PBXBuildFile; fileRef = ED67F6041D40531D00E17A67 /* DRConsoleVC.swift */; };
		ED67F6071D40531D00E17A67 /* DRConsoleVC.xib in Resources */ = {isa = PBXBuildFile; fileRef = ED67F6051D40531D00E17A67 /* DRConsoleVC.xib */; };
		ED67F60A1D40532C00E17A67 /* DRCloudCacheVC.swift in Sources */ = {isa = PBXBuildFile; fileRef = ED67F6081D40532C00E17A67 /* DRCloudCacheVC.swift */; };
		ED67F60B1D40532C00E17A67 /* DRCloudCacheVC.xib in Resources */ = {isa = PBXBuildFile; fileRef = ED67F6091D40532C00E17A67 /* DRCloudCacheVC.xib */; };
		ED67F60E1D40588900E17A67 /* DRAliCloudDateVC.swift in Sources */ = {isa = PBXBuildFile; fileRef = ED67F60C1D40588900E17A67 /* DRAliCloudDateVC.swift */; };
		ED67F60F1D40588900E17A67 /* DRAliCloudDateVC.xib in Resources */ = {isa = PBXBuildFile; fileRef = ED67F60D1D40588900E17A67 /* DRAliCloudDateVC.xib */; };
		EDEDD51A1D41B80700B8699C /* DRNetworkingManager.swift in Sources */ = {isa = PBXBuildFile; fileRef = EDEDD5191D41B80700B8699C /* DRNetworkingManager.swift */; };
/* End PBXBuildFile section */

/* Begin PBXContainerItemProxy section */
		63F4A6AA1D3FD5050061BFE8 /* PBXContainerItemProxy */ = {
			isa = PBXContainerItemProxy;
			containerPortal = 63F4A68D1D3FD5050061BFE8 /* Project object */;
			proxyType = 1;
			remoteGlobalIDString = 63F4A6941D3FD5050061BFE8;
			remoteInfo = DRTourSwift;
		};
		63F4A6B51D3FD5050061BFE8 /* PBXContainerItemProxy */ = {
			isa = PBXContainerItemProxy;
			containerPortal = 63F4A68D1D3FD5050061BFE8 /* Project object */;
			proxyType = 1;
			remoteGlobalIDString = 63F4A6941D3FD5050061BFE8;
			remoteInfo = DRTourSwift;
		};
/* End PBXContainerItemProxy section */

/* Begin PBXCopyFilesBuildPhase section */
		ED9091B31D4062BE009D0B58 /* Embed Frameworks */ = {
			isa = PBXCopyFilesBuildPhase;
			buildActionMask = 2147483647;
			dstPath = "";
			dstSubfolderSpec = 10;
			files = (
			);
			name = "Embed Frameworks";
			runOnlyForDeploymentPostprocessing = 0;
		};
/* End PBXCopyFilesBuildPhase section */

/* Begin PBXFileReference section */
		63F4A6951D3FD5050061BFE8 /* DRTourSwift.app */ = {isa = PBXFileReference; explicitFileType = wrapper.application; includeInIndex = 0; path = DRTourSwift.app; sourceTree = BUILT_PRODUCTS_DIR; };
		63F4A69F1D3FD5050061BFE8 /* Assets.xcassets */ = {isa = PBXFileReference; lastKnownFileType = folder.assetcatalog; path = Assets.xcassets; sourceTree = "<group>"; };
		63F4A6A21D3FD5050061BFE8 /* Base */ = {isa = PBXFileReference; lastKnownFileType = file.storyboard; name = Base; path = Base.lproj/LaunchScreen.storyboard; sourceTree = "<group>"; };
		63F4A6A41D3FD5050061BFE8 /* Info.plist */ = {isa = PBXFileReference; lastKnownFileType = text.plist.xml; path = Info.plist; sourceTree = "<group>"; };
		63F4A6A91D3FD5050061BFE8 /* DRTourSwiftTests.xctest */ = {isa = PBXFileReference; explicitFileType = wrapper.cfbundle; includeInIndex = 0; path = DRTourSwiftTests.xctest; sourceTree = BUILT_PRODUCTS_DIR; };
		63F4A6AD1D3FD5050061BFE8 /* DRTourSwiftTests.swift */ = {isa = PBXFileReference; lastKnownFileType = sourcecode.swift; path = DRTourSwiftTests.swift; sourceTree = "<group>"; };
		63F4A6AF1D3FD5050061BFE8 /* Info.plist */ = {isa = PBXFileReference; lastKnownFileType = text.plist.xml; path = Info.plist; sourceTree = "<group>"; };
		63F4A6B41D3FD5050061BFE8 /* DRTourSwiftUITests.xctest */ = {isa = PBXFileReference; explicitFileType = wrapper.cfbundle; includeInIndex = 0; path = DRTourSwiftUITests.xctest; sourceTree = BUILT_PRODUCTS_DIR; };
		63F4A6B81D3FD5050061BFE8 /* DRTourSwiftUITests.swift */ = {isa = PBXFileReference; lastKnownFileType = sourcecode.swift; path = DRTourSwiftUITests.swift; sourceTree = "<group>"; };
		63F4A6BA1D3FD5050061BFE8 /* Info.plist */ = {isa = PBXFileReference; lastKnownFileType = text.plist.xml; path = Info.plist; sourceTree = "<group>"; };
		63F4A6C91D3FD5AC0061BFE8 /* AppDelegate.swift */ = {isa = PBXFileReference; fileEncoding = 4; lastKnownFileType = sourcecode.swift; path = AppDelegate.swift; sourceTree = "<group>"; };
		63F4A6D91D3FD6430061BFE8 /* Animator.swift */ = {isa = PBXFileReference; fileEncoding = 4; lastKnownFileType = sourcecode.swift; path = Animator.swift; sourceTree = "<group>"; };
		63F4A6DA1D3FD6430061BFE8 /* PullToRefreshExtension.swift */ = {isa = PBXFileReference; fileEncoding = 4; lastKnownFileType = sourcecode.swift; path = PullToRefreshExtension.swift; sourceTree = "<group>"; };
		63F4A6DB1D3FD6430061BFE8 /* PullToRefreshView.swift */ = {isa = PBXFileReference; fileEncoding = 4; lastKnownFileType = sourcecode.swift; path = PullToRefreshView.swift; sourceTree = "<group>"; };
		63F4A6E01D3FD6A10061BFE8 /* DRAlert.swift */ = {isa = PBXFileReference; fileEncoding = 4; lastKnownFileType = sourcecode.swift; path = DRAlert.swift; sourceTree = "<group>"; };
		ED15C7FA1D40B09E001FF7D3 /* DRScanfCodeVC.swift */ = {isa = PBXFileReference; fileEncoding = 4; lastKnownFileType = sourcecode.swift; path = DRScanfCodeVC.swift; sourceTree = "<group>"; };
		ED15C8011D40C378001FF7D3 /* DRBaseScanfCodeVC.swift */ = {isa = PBXFileReference; fileEncoding = 4; lastKnownFileType = sourcecode.swift; path = DRBaseScanfCodeVC.swift; sourceTree = "<group>"; };
		ED15C8031D40C3B5001FF7D3 /* DRBaseScanfCodeSettingView.swift */ = {isa = PBXFileReference; fileEncoding = 4; lastKnownFileType = sourcecode.swift; path = DRBaseScanfCodeSettingView.swift; sourceTree = "<group>"; };
		ED15C8051D40C3C5001FF7D3 /* DRBaseScanfCodeSettingView.xib */ = {isa = PBXFileReference; fileEncoding = 4; lastKnownFileType = file.xib; path = DRBaseScanfCodeSettingView.xib; sourceTree = "<group>"; };
		ED15C8071D40C62C001FF7D3 /* image_qr_corner_001_@2x.png */ = {isa = PBXFileReference; lastKnownFileType = image.png; path = "image_qr_corner_001_@2x.png"; sourceTree = "<group>"; };
		ED15C8081D40C62C001FF7D3 /* image_qr_corner_001_@3x.png */ = {isa = PBXFileReference; lastKnownFileType = image.png; path = "image_qr_corner_001_@3x.png"; sourceTree = "<group>"; };
		ED15C8091D40C62C001FF7D3 /* image_qr_corner_002_@2x.png */ = {isa = PBXFileReference; lastKnownFileType = image.png; path = "image_qr_corner_002_@2x.png"; sourceTree = "<group>"; };
		ED15C80A1D40C62C001FF7D3 /* image_qr_corner_002_@3x.png */ = {isa = PBXFileReference; lastKnownFileType = image.png; path = "image_qr_corner_002_@3x.png"; sourceTree = "<group>"; };
		ED15C80B1D40C62C001FF7D3 /* image_qr_corner_003_@2x.png */ = {isa = PBXFileReference; lastKnownFileType = image.png; path = "image_qr_corner_003_@2x.png"; sourceTree = "<group>"; };
		ED15C80C1D40C62C001FF7D3 /* image_qr_corner_003_@3x.png */ = {isa = PBXFileReference; lastKnownFileType = image.png; path = "image_qr_corner_003_@3x.png"; sourceTree = "<group>"; };
		ED15C80D1D40C62C001FF7D3 /* image_qr_corner_004_@2x.png */ = {isa = PBXFileReference; lastKnownFileType = image.png; path = "image_qr_corner_004_@2x.png"; sourceTree = "<group>"; };
		ED15C80E1D40C62C001FF7D3 /* image_qr_corner_004_@3x.png */ = {isa = PBXFileReference; lastKnownFileType = image.png; path = "image_qr_corner_004_@3x.png"; sourceTree = "<group>"; };
		ED15C80F1D40C62C001FF7D3 /* image_qr_scan_line_001@2x.png */ = {isa = PBXFileReference; lastKnownFileType = image.png; path = "image_qr_scan_line_001@2x.png"; sourceTree = "<group>"; };
		ED67F5F61D40523200E17A67 /* DRTabBarController.swift */ = {isa = PBXFileReference; fileEncoding = 4; lastKnownFileType = sourcecode.swift; path = DRTabBarController.swift; sourceTree = "<group>"; };
		ED67F5FC1D40524F00E17A67 /* DRAliCloudVC.swift */ = {isa = PBXFileReference; fileEncoding = 4; lastKnownFileType = sourcecode.swift; path = DRAliCloudVC.swift; sourceTree = "<group>"; };
		ED67F5FD1D40524F00E17A67 /* DRAliCloudVC.xib */ = {isa = PBXFileReference; fileEncoding = 4; lastKnownFileType = file.xib; path = DRAliCloudVC.xib; sourceTree = "<group>"; };
		ED67F6001D4052E000E17A67 /* DRPersonVC.swift */ = {isa = PBXFileReference; fileEncoding = 4; lastKnownFileType = sourcecode.swift; path = DRPersonVC.swift; sourceTree = "<group>"; };
		ED67F6011D4052E000E17A67 /* DRPersonVC.xib */ = {isa = PBXFileReference; fileEncoding = 4; lastKnownFileType = file.xib; path = DRPersonVC.xib; sourceTree = "<group>"; };
		ED67F6041D40531D00E17A67 /* DRConsoleVC.swift */ = {isa = PBXFileReference; fileEncoding = 4; lastKnownFileType = sourcecode.swift; path = DRConsoleVC.swift; sourceTree = "<group>"; };
		ED67F6051D40531D00E17A67 /* DRConsoleVC.xib */ = {isa = PBXFileReference; fileEncoding = 4; lastKnownFileType = file.xib; path = DRConsoleVC.xib; sourceTree = "<group>"; };
		ED67F6081D40532C00E17A67 /* DRCloudCacheVC.swift */ = {isa = PBXFileReference; fileEncoding = 4; lastKnownFileType = sourcecode.swift; path = DRCloudCacheVC.swift; sourceTree = "<group>"; };
		ED67F6091D40532C00E17A67 /* DRCloudCacheVC.xib */ = {isa = PBXFileReference; fileEncoding = 4; lastKnownFileType = file.xib; path = DRCloudCacheVC.xib; sourceTree = "<group>"; };
		ED67F60C1D40588900E17A67 /* DRAliCloudDateVC.swift */ = {isa = PBXFileReference; fileEncoding = 4; lastKnownFileType = sourcecode.swift; path = DRAliCloudDateVC.swift; sourceTree = "<group>"; };
		ED67F60D1D40588900E17A67 /* DRAliCloudDateVC.xib */ = {isa = PBXFileReference; fileEncoding = 4; lastKnownFileType = file.xib; path = DRAliCloudDateVC.xib; sourceTree = "<group>"; };
		EDEDD5191D41B80700B8699C /* DRNetworkingManager.swift */ = {isa = PBXFileReference; fileEncoding = 4; lastKnownFileType = sourcecode.swift; path = DRNetworkingManager.swift; sourceTree = "<group>"; };
/* End PBXFileReference section */

/* Begin PBXFrameworksBuildPhase section */
		63F4A6921D3FD5050061BFE8 /* Frameworks */ = {
			isa = PBXFrameworksBuildPhase;
			buildActionMask = 2147483647;
			files = (
			);
			runOnlyForDeploymentPostprocessing = 0;
		};
		63F4A6A61D3FD5050061BFE8 /* Frameworks */ = {
			isa = PBXFrameworksBuildPhase;
			buildActionMask = 2147483647;
			files = (
			);
			runOnlyForDeploymentPostprocessing = 0;
		};
		63F4A6B11D3FD5050061BFE8 /* Frameworks */ = {
			isa = PBXFrameworksBuildPhase;
			buildActionMask = 2147483647;
			files = (
			);
			runOnlyForDeploymentPostprocessing = 0;
		};
/* End PBXFrameworksBuildPhase section */

/* Begin PBXGroup section */
		63F4A68C1D3FD5050061BFE8 = {
			isa = PBXGroup;
			children = (
				63F4A6971D3FD5050061BFE8 /* DRTourSwift */,
				63F4A6AC1D3FD5050061BFE8 /* DRTourSwiftTests */,
				63F4A6B71D3FD5050061BFE8 /* DRTourSwiftUITests */,
				63F4A6961D3FD5050061BFE8 /* Products */,
			);
			sourceTree = "<group>";
		};
		63F4A6961D3FD5050061BFE8 /* Products */ = {
			isa = PBXGroup;
			children = (
				63F4A6951D3FD5050061BFE8 /* DRTourSwift.app */,
				63F4A6A91D3FD5050061BFE8 /* DRTourSwiftTests.xctest */,
				63F4A6B41D3FD5050061BFE8 /* DRTourSwiftUITests.xctest */,
			);
			name = Products;
			sourceTree = "<group>";
		};
		63F4A6971D3FD5050061BFE8 /* DRTourSwift */ = {
			isa = PBXGroup;
			children = (
				EDEDD5181D41B7F600B8699C /* DRNetworking */,
				63F4A6C61D3FD5560061BFE8 /* DRApp */,
				63F4A6C71D3FD5560061BFE8 /* DRClasss */,
				63F4A6C81D3FD5560061BFE8 /* DRLibs */,
				63F4A69F1D3FD5050061BFE8 /* Assets.xcassets */,
				63F4A6A11D3FD5050061BFE8 /* LaunchScreen.storyboard */,
				63F4A6A41D3FD5050061BFE8 /* Info.plist */,
			);
			path = DRTourSwift;
			sourceTree = "<group>";
		};
		63F4A6AC1D3FD5050061BFE8 /* DRTourSwiftTests */ = {
			isa = PBXGroup;
			children = (
				63F4A6AD1D3FD5050061BFE8 /* DRTourSwiftTests.swift */,
				63F4A6AF1D3FD5050061BFE8 /* Info.plist */,
			);
			path = DRTourSwiftTests;
			sourceTree = "<group>";
		};
		63F4A6B71D3FD5050061BFE8 /* DRTourSwiftUITests */ = {
			isa = PBXGroup;
			children = (
				63F4A6B81D3FD5050061BFE8 /* DRTourSwiftUITests.swift */,
				63F4A6BA1D3FD5050061BFE8 /* Info.plist */,
			);
			path = DRTourSwiftUITests;
			sourceTree = "<group>";
		};
		63F4A6C61D3FD5560061BFE8 /* DRApp */ = {
			isa = PBXGroup;
			children = (
				63F4A6C91D3FD5AC0061BFE8 /* AppDelegate.swift */,
			);
			path = DRApp;
			sourceTree = "<group>";
		};
		63F4A6C71D3FD5560061BFE8 /* DRClasss */ = {
			isa = PBXGroup;
			children = (
				ED67F5F51D40523200E17A67 /* DRTabBar */,
				ED67F5E01D40523200E17A67 /* DRAliCloud */,
				ED67F5E81D40523200E17A67 /* DRConsole */,
				ED67F5E41D40523200E17A67 /* DRCloudCache */,
				ED67F5EF1D40523200E17A67 /* DRPerson */,
			);
			path = DRClasss;
			sourceTree = "<group>";
		};
		63F4A6C81D3FD5560061BFE8 /* DRLibs */ = {
			isa = PBXGroup;
			children = (
				ED15C7FE1D40C35A001FF7D3 /* DRBaseScanfCodeVC */,
				63F4A6DF1D3FD6970061BFE8 /* DRAlert */,
				63F4A6D81D3FD6430061BFE8 /* Refresher */,
			);
			path = DRLibs;
			sourceTree = "<group>";
		};
		63F4A6D81D3FD6430061BFE8 /* Refresher */ = {
			isa = PBXGroup;
			children = (
				63F4A6D91D3FD6430061BFE8 /* Animator.swift */,
				63F4A6DA1D3FD6430061BFE8 /* PullToRefreshExtension.swift */,
				63F4A6DB1D3FD6430061BFE8 /* PullToRefreshView.swift */,
			);
			path = Refresher;
			sourceTree = "<group>";
		};
		63F4A6DF1D3FD6970061BFE8 /* DRAlert */ = {
			isa = PBXGroup;
			children = (
				63F4A6E01D3FD6A10061BFE8 /* DRAlert.swift */,
			);
			path = DRAlert;
			sourceTree = "<group>";
		};
		ED15C7FE1D40C35A001FF7D3 /* DRBaseScanfCodeVC */ = {
			isa = PBXGroup;
			children = (
				ED15C8011D40C378001FF7D3 /* DRBaseScanfCodeVC.swift */,
				ED15C8031D40C3B5001FF7D3 /* DRBaseScanfCodeSettingView.swift */,
				ED15C8051D40C3C5001FF7D3 /* DRBaseScanfCodeSettingView.xib */,
				ED15C8071D40C62C001FF7D3 /* image_qr_corner_001_@2x.png */,
				ED15C8081D40C62C001FF7D3 /* image_qr_corner_001_@3x.png */,
				ED15C8091D40C62C001FF7D3 /* image_qr_corner_002_@2x.png */,
				ED15C80A1D40C62C001FF7D3 /* image_qr_corner_002_@3x.png */,
				ED15C80B1D40C62C001FF7D3 /* image_qr_corner_003_@2x.png */,
				ED15C80C1D40C62C001FF7D3 /* image_qr_corner_003_@3x.png */,
				ED15C80D1D40C62C001FF7D3 /* image_qr_corner_004_@2x.png */,
				ED15C80E1D40C62C001FF7D3 /* image_qr_corner_004_@3x.png */,
				ED15C80F1D40C62C001FF7D3 /* image_qr_scan_line_001@2x.png */,
			);
			path = DRBaseScanfCodeVC;
			sourceTree = "<group>";
		};
		ED67F5E01D40523200E17A67 /* DRAliCloud */ = {
			isa = PBXGroup;
			children = (
				ED67F5E11D40523200E17A67 /* Controller */,
				ED67F5E21D40523200E17A67 /* Model */,
				ED67F5E31D40523200E17A67 /* View */,
			);
			path = DRAliCloud;
			sourceTree = "<group>";
		};
		ED67F5E11D40523200E17A67 /* Controller */ = {
			isa = PBXGroup;
			children = (
				ED67F5FC1D40524F00E17A67 /* DRAliCloudVC.swift */,
				ED67F5FD1D40524F00E17A67 /* DRAliCloudVC.xib */,
				ED67F60C1D40588900E17A67 /* DRAliCloudDateVC.swift */,
				ED67F60D1D40588900E17A67 /* DRAliCloudDateVC.xib */,
				ED15C7FA1D40B09E001FF7D3 /* DRScanfCodeVC.swift */,
			);
			path = Controller;
			sourceTree = "<group>";
		};
		ED67F5E21D40523200E17A67 /* Model */ = {
			isa = PBXGroup;
			children = (
			);
			path = Model;
			sourceTree = "<group>";
		};
		ED67F5E31D40523200E17A67 /* View */ = {
			isa = PBXGroup;
			children = (
			);
			path = View;
			sourceTree = "<group>";
		};
		ED67F5E41D40523200E17A67 /* DRCloudCache */ = {
			isa = PBXGroup;
			children = (
				ED67F5E51D40523200E17A67 /* Controller */,
				ED67F5E61D40523200E17A67 /* Model */,
				ED67F5E71D40523200E17A67 /* View */,
			);
			path = DRCloudCache;
			sourceTree = "<group>";
		};
		ED67F5E51D40523200E17A67 /* Controller */ = {
			isa = PBXGroup;
			children = (
				ED67F6081D40532C00E17A67 /* DRCloudCacheVC.swift */,
				ED67F6091D40532C00E17A67 /* DRCloudCacheVC.xib */,
			);
			path = Controller;
			sourceTree = "<group>";
		};
		ED67F5E61D40523200E17A67 /* Model */ = {
			isa = PBXGroup;
			children = (
			);
			path = Model;
			sourceTree = "<group>";
		};
		ED67F5E71D40523200E17A67 /* View */ = {
			isa = PBXGroup;
			children = (
			);
			path = View;
			sourceTree = "<group>";
		};
		ED67F5E81D40523200E17A67 /* DRConsole */ = {
			isa = PBXGroup;
			children = (
				ED67F5E91D40523200E17A67 /* Controller */,
				ED67F5EA1D40523200E17A67 /* Model */,
				ED67F5EB1D40523200E17A67 /* View */,
			);
			path = DRConsole;
			sourceTree = "<group>";
		};
		ED67F5E91D40523200E17A67 /* Controller */ = {
			isa = PBXGroup;
			children = (
				ED67F6041D40531D00E17A67 /* DRConsoleVC.swift */,
				ED67F6051D40531D00E17A67 /* DRConsoleVC.xib */,
			);
			path = Controller;
			sourceTree = "<group>";
		};
		ED67F5EA1D40523200E17A67 /* Model */ = {
			isa = PBXGroup;
			children = (
			);
			path = Model;
			sourceTree = "<group>";
		};
		ED67F5EB1D40523200E17A67 /* View */ = {
			isa = PBXGroup;
			children = (
			);
			path = View;
			sourceTree = "<group>";
		};
		ED67F5EF1D40523200E17A67 /* DRPerson */ = {
			isa = PBXGroup;
			children = (
				ED67F5F01D40523200E17A67 /* Controller */,
				ED67F5F31D40523200E17A67 /* Model */,
				ED67F5F41D40523200E17A67 /* View */,
			);
			path = DRPerson;
			sourceTree = "<group>";
		};
		ED67F5F01D40523200E17A67 /* Controller */ = {
			isa = PBXGroup;
			children = (
				ED67F6001D4052E000E17A67 /* DRPersonVC.swift */,
				ED67F6011D4052E000E17A67 /* DRPersonVC.xib */,
			);
			path = Controller;
			sourceTree = "<group>";
		};
		ED67F5F31D40523200E17A67 /* Model */ = {
			isa = PBXGroup;
			children = (
			);
			path = Model;
			sourceTree = "<group>";
		};
		ED67F5F41D40523200E17A67 /* View */ = {
			isa = PBXGroup;
			children = (
			);
			path = View;
			sourceTree = "<group>";
		};
		ED67F5F51D40523200E17A67 /* DRTabBar */ = {
			isa = PBXGroup;
			children = (
				ED67F5F61D40523200E17A67 /* DRTabBarController.swift */,
			);
			path = DRTabBar;
			sourceTree = "<group>";
		};
		EDEDD5181D41B7F600B8699C /* DRNetworking */ = {
			isa = PBXGroup;
			children = (
				EDEDD5191D41B80700B8699C /* DRNetworkingManager.swift */,
			);
			path = DRNetworking;
			sourceTree = "<group>";
		};
/* End PBXGroup section */

/* Begin PBXNativeTarget section */
		63F4A6941D3FD5050061BFE8 /* DRTourSwift */ = {
			isa = PBXNativeTarget;
			buildConfigurationList = 63F4A6BD1D3FD5050061BFE8 /* Build configuration list for PBXNativeTarget "DRTourSwift" */;
			buildPhases = (
				63F4A6911D3FD5050061BFE8 /* Sources */,
				63F4A6921D3FD5050061BFE8 /* Frameworks */,
				63F4A6931D3FD5050061BFE8 /* Resources */,
				ED9091B31D4062BE009D0B58 /* Embed Frameworks */,
			);
			buildRules = (
			);
			dependencies = (
			);
			name = DRTourSwift;
			productName = DRTourSwift;
			productReference = 63F4A6951D3FD5050061BFE8 /* DRTourSwift.app */;
			productType = "com.apple.product-type.application";
		};
		63F4A6A81D3FD5050061BFE8 /* DRTourSwiftTests */ = {
			isa = PBXNativeTarget;
			buildConfigurationList = 63F4A6C01D3FD5050061BFE8 /* Build configuration list for PBXNativeTarget "DRTourSwiftTests" */;
			buildPhases = (
				63F4A6A51D3FD5050061BFE8 /* Sources */,
				63F4A6A61D3FD5050061BFE8 /* Frameworks */,
				63F4A6A71D3FD5050061BFE8 /* Resources */,
			);
			buildRules = (
			);
			dependencies = (
				63F4A6AB1D3FD5050061BFE8 /* PBXTargetDependency */,
			);
			name = DRTourSwiftTests;
			productName = DRTourSwiftTests;
			productReference = 63F4A6A91D3FD5050061BFE8 /* DRTourSwiftTests.xctest */;
			productType = "com.apple.product-type.bundle.unit-test";
		};
		63F4A6B31D3FD5050061BFE8 /* DRTourSwiftUITests */ = {
			isa = PBXNativeTarget;
			buildConfigurationList = 63F4A6C31D3FD5050061BFE8 /* Build configuration list for PBXNativeTarget "DRTourSwiftUITests" */;
			buildPhases = (
				63F4A6B01D3FD5050061BFE8 /* Sources */,
				63F4A6B11D3FD5050061BFE8 /* Frameworks */,
				63F4A6B21D3FD5050061BFE8 /* Resources */,
			);
			buildRules = (
			);
			dependencies = (
				63F4A6B61D3FD5050061BFE8 /* PBXTargetDependency */,
			);
			name = DRTourSwiftUITests;
			productName = DRTourSwiftUITests;
			productReference = 63F4A6B41D3FD5050061BFE8 /* DRTourSwiftUITests.xctest */;
			productType = "com.apple.product-type.bundle.ui-testing";
		};
/* End PBXNativeTarget section */

/* Begin PBXProject section */
		63F4A68D1D3FD5050061BFE8 /* Project object */ = {
			isa = PBXProject;
			attributes = {
				LastSwiftUpdateCheck = 0730;
				LastUpgradeCheck = 0730;
				ORGANIZATIONNAME = LiangDahong;
				TargetAttributes = {
					63F4A6941D3FD5050061BFE8 = {
						CreatedOnToolsVersion = 7.3;
					};
					63F4A6A81D3FD5050061BFE8 = {
						CreatedOnToolsVersion = 7.3;
						TestTargetID = 63F4A6941D3FD5050061BFE8;
					};
					63F4A6B31D3FD5050061BFE8 = {
						CreatedOnToolsVersion = 7.3;
						TestTargetID = 63F4A6941D3FD5050061BFE8;
					};
				};
			};
			buildConfigurationList = 63F4A6901D3FD5050061BFE8 /* Build configuration list for PBXProject "DRTourSwift" */;
			compatibilityVersion = "Xcode 3.2";
			developmentRegion = English;
			hasScannedForEncodings = 0;
			knownRegions = (
				en,
				Base,
			);
			mainGroup = 63F4A68C1D3FD5050061BFE8;
			productRefGroup = 63F4A6961D3FD5050061BFE8 /* Products */;
			projectDirPath = "";
			projectRoot = "";
			targets = (
				63F4A6941D3FD5050061BFE8 /* DRTourSwift */,
				63F4A6A81D3FD5050061BFE8 /* DRTourSwiftTests */,
				63F4A6B31D3FD5050061BFE8 /* DRTourSwiftUITests */,
			);
		};
/* End PBXProject section */

/* Begin PBXResourcesBuildPhase section */
		63F4A6931D3FD5050061BFE8 /* Resources */ = {
			isa = PBXResourcesBuildPhase;
			buildActionMask = 2147483647;
			files = (
				63F4A6A31D3FD5050061BFE8 /* LaunchScreen.storyboard in Resources */,
				ED15C8141D40C62C001FF7D3 /* image_qr_corner_003_@2x.png in Resources */,
				ED15C8161D40C62C001FF7D3 /* image_qr_corner_004_@2x.png in Resources */,
				ED67F60B1D40532C00E17A67 /* DRCloudCacheVC.xib in Resources */,
				ED15C8101D40C62C001FF7D3 /* image_qr_corner_001_@2x.png in Resources */,
				ED67F6031D4052E000E17A67 /* DRPersonVC.xib in Resources */,
				63F4A6A01D3FD5050061BFE8 /* Assets.xcassets in Resources */,
				ED15C8181D40C62C001FF7D3 /* image_qr_scan_line_001@2x.png in Resources */,
				ED15C8111D40C62C001FF7D3 /* image_qr_corner_001_@3x.png in Resources */,
				ED15C8171D40C62C001FF7D3 /* image_qr_corner_004_@3x.png in Resources */,
				ED15C8151D40C62C001FF7D3 /* image_qr_corner_003_@3x.png in Resources */,
				ED67F6071D40531D00E17A67 /* DRConsoleVC.xib in Resources */,
				ED67F5FF1D40524F00E17A67 /* DRAliCloudVC.xib in Resources */,
				ED67F60F1D40588900E17A67 /* DRAliCloudDateVC.xib in Resources */,
				ED15C8121D40C62C001FF7D3 /* image_qr_corner_002_@2x.png in Resources */,
				ED15C8131D40C62C001FF7D3 /* image_qr_corner_002_@3x.png in Resources */,
				ED15C8061D40C3C5001FF7D3 /* DRBaseScanfCodeSettingView.xib in Resources */,
			);
			runOnlyForDeploymentPostprocessing = 0;
		};
		63F4A6A71D3FD5050061BFE8 /* Resources */ = {
			isa = PBXResourcesBuildPhase;
			buildActionMask = 2147483647;
			files = (
			);
			runOnlyForDeploymentPostprocessing = 0;
		};
		63F4A6B21D3FD5050061BFE8 /* Resources */ = {
			isa = PBXResourcesBuildPhase;
			buildActionMask = 2147483647;
			files = (
			);
			runOnlyForDeploymentPostprocessing = 0;
		};
/* End PBXResourcesBuildPhase section */

/* Begin PBXSourcesBuildPhase section */
		63F4A6911D3FD5050061BFE8 /* Sources */ = {
			isa = PBXSourcesBuildPhase;
			buildActionMask = 2147483647;
			files = (
				ED15C8041D40C3B5001FF7D3 /* DRBaseScanfCodeSettingView.swift in Sources */,
				63F4A6DC1D3FD6430061BFE8 /* Animator.swift in Sources */,
				ED15C8021D40C378001FF7D3 /* DRBaseScanfCodeVC.swift in Sources */,
				ED67F60A1D40532C00E17A67 /* DRCloudCacheVC.swift in Sources */,
				ED67F6061D40531D00E17A67 /* DRConsoleVC.swift in Sources */,
				ED67F6021D4052E000E17A67 /* DRPersonVC.swift in Sources */,
				ED67F5FB1D40523200E17A67 /* DRTabBarController.swift in Sources */,
				63F4A6CA1D3FD5AC0061BFE8 /* AppDelegate.swift in Sources */,
				63F4A6DE1D3FD6430061BFE8 /* PullToRefreshView.swift in Sources */,
				63F4A6E11D3FD6A10061BFE8 /* DRAlert.swift in Sources */,
				63F4A6DD1D3FD6430061BFE8 /* PullToRefreshExtension.swift in Sources */,
				ED15C7FB1D40B09E001FF7D3 /* DRScanfCodeVC.swift in Sources */,
				ED67F5FE1D40524F00E17A67 /* DRAliCloudVC.swift in Sources */,
				EDEDD51A1D41B80700B8699C /* DRNetworkingManager.swift in Sources */,
				ED67F60E1D40588900E17A67 /* DRAliCloudDateVC.swift in Sources */,
			);
			runOnlyForDeploymentPostprocessing = 0;
		};
		63F4A6A51D3FD5050061BFE8 /* Sources */ = {
			isa = PBXSourcesBuildPhase;
			buildActionMask = 2147483647;
			files = (
				63F4A6AE1D3FD5050061BFE8 /* DRTourSwiftTests.swift in Sources */,
			);
			runOnlyForDeploymentPostprocessing = 0;
		};
		63F4A6B01D3FD5050061BFE8 /* Sources */ = {
			isa = PBXSourcesBuildPhase;
			buildActionMask = 2147483647;
			files = (
				63F4A6B91D3FD5050061BFE8 /* DRTourSwiftUITests.swift in Sources */,
			);
			runOnlyForDeploymentPostprocessing = 0;
		};
/* End PBXSourcesBuildPhase section */

/* Begin PBXTargetDependency section */
		63F4A6AB1D3FD5050061BFE8 /* PBXTargetDependency */ = {
			isa = PBXTargetDependency;
			target = 63F4A6941D3FD5050061BFE8 /* DRTourSwift */;
			targetProxy = 63F4A6AA1D3FD5050061BFE8 /* PBXContainerItemProxy */;
		};
		63F4A6B61D3FD5050061BFE8 /* PBXTargetDependency */ = {
			isa = PBXTargetDependency;
			target = 63F4A6941D3FD5050061BFE8 /* DRTourSwift */;
			targetProxy = 63F4A6B51D3FD5050061BFE8 /* PBXContainerItemProxy */;
		};
/* End PBXTargetDependency section */

/* Begin PBXVariantGroup section */
		63F4A6A11D3FD5050061BFE8 /* LaunchScreen.storyboard */ = {
			isa = PBXVariantGroup;
			children = (
				63F4A6A21D3FD5050061BFE8 /* Base */,
			);
			name = LaunchScreen.storyboard;
			sourceTree = "<group>";
		};
/* End PBXVariantGroup section */

/* Begin XCBuildConfiguration section */
		63F4A6BB1D3FD5050061BFE8 /* Debug */ = {
			isa = XCBuildConfiguration;
			buildSettings = {
				ALWAYS_SEARCH_USER_PATHS = NO;
				CLANG_ANALYZER_NONNULL = YES;
				CLANG_CXX_LANGUAGE_STANDARD = "gnu++0x";
				CLANG_CXX_LIBRARY = "libc++";
				CLANG_ENABLE_MODULES = YES;
				CLANG_ENABLE_OBJC_ARC = YES;
				CLANG_WARN_BOOL_CONVERSION = YES;
				CLANG_WARN_CONSTANT_CONVERSION = YES;
				CLANG_WARN_DIRECT_OBJC_ISA_USAGE = YES_ERROR;
				CLANG_WARN_EMPTY_BODY = YES;
				CLANG_WARN_ENUM_CONVERSION = YES;
				CLANG_WARN_INT_CONVERSION = YES;
				CLANG_WARN_OBJC_ROOT_CLASS = YES_ERROR;
				CLANG_WARN_UNREACHABLE_CODE = YES;
				CLANG_WARN__DUPLICATE_METHOD_MATCH = YES;
				"CODE_SIGN_IDENTITY[sdk=iphoneos*]" = "iPhone Developer";
				COPY_PHASE_STRIP = NO;
				DEBUG_INFORMATION_FORMAT = dwarf;
				ENABLE_STRICT_OBJC_MSGSEND = YES;
				ENABLE_TESTABILITY = YES;
				GCC_C_LANGUAGE_STANDARD = gnu99;
				GCC_DYNAMIC_NO_PIC = NO;
				GCC_NO_COMMON_BLOCKS = YES;
				GCC_OPTIMIZATION_LEVEL = 0;
				GCC_PREPROCESSOR_DEFINITIONS = (
					"DEBUG=1",
					"$(inherited)",
				);
				GCC_WARN_64_TO_32_BIT_CONVERSION = YES;
				GCC_WARN_ABOUT_RETURN_TYPE = YES_ERROR;
				GCC_WARN_UNDECLARED_SELECTOR = YES;
				GCC_WARN_UNINITIALIZED_AUTOS = YES_AGGRESSIVE;
				GCC_WARN_UNUSED_FUNCTION = YES;
				GCC_WARN_UNUSED_VARIABLE = YES;
				IPHONEOS_DEPLOYMENT_TARGET = 9.3;
				MTL_ENABLE_DEBUG_INFO = YES;
				ONLY_ACTIVE_ARCH = YES;
				SDKROOT = iphoneos;
				SWIFT_OPTIMIZATION_LEVEL = "-Onone";
				TARGETED_DEVICE_FAMILY = "1,2";
			};
			name = Debug;
		};
		63F4A6BC1D3FD5050061BFE8 /* Release */ = {
			isa = XCBuildConfiguration;
			buildSettings = {
				ALWAYS_SEARCH_USER_PATHS = NO;
				CLANG_ANALYZER_NONNULL = YES;
				CLANG_CXX_LANGUAGE_STANDARD = "gnu++0x";
				CLANG_CXX_LIBRARY = "libc++";
				CLANG_ENABLE_MODULES = YES;
				CLANG_ENABLE_OBJC_ARC = YES;
				CLANG_WARN_BOOL_CONVERSION = YES;
				CLANG_WARN_CONSTANT_CONVERSION = YES;
				CLANG_WARN_DIRECT_OBJC_ISA_USAGE = YES_ERROR;
				CLANG_WARN_EMPTY_BODY = YES;
				CLANG_WARN_ENUM_CONVERSION = YES;
				CLANG_WARN_INT_CONVERSION = YES;
				CLANG_WARN_OBJC_ROOT_CLASS = YES_ERROR;
				CLANG_WARN_UNREACHABLE_CODE = YES;
				CLANG_WARN__DUPLICATE_METHOD_MATCH = YES;
				"CODE_SIGN_IDENTITY[sdk=iphoneos*]" = "iPhone Developer";
				COPY_PHASE_STRIP = NO;
				DEBUG_INFORMATION_FORMAT = "dwarf-with-dsym";
				ENABLE_NS_ASSERTIONS = NO;
				ENABLE_STRICT_OBJC_MSGSEND = YES;
				GCC_C_LANGUAGE_STANDARD = gnu99;
				GCC_NO_COMMON_BLOCKS = YES;
				GCC_WARN_64_TO_32_BIT_CONVERSION = YES;
				GCC_WARN_ABOUT_RETURN_TYPE = YES_ERROR;
				GCC_WARN_UNDECLARED_SELECTOR = YES;
				GCC_WARN_UNINITIALIZED_AUTOS = YES_AGGRESSIVE;
				GCC_WARN_UNUSED_FUNCTION = YES;
				GCC_WARN_UNUSED_VARIABLE = YES;
				IPHONEOS_DEPLOYMENT_TARGET = 9.3;
				MTL_ENABLE_DEBUG_INFO = NO;
				SDKROOT = iphoneos;
				TARGETED_DEVICE_FAMILY = "1,2";
				VALIDATE_PRODUCT = YES;
			};
			name = Release;
		};
		63F4A6BE1D3FD5050061BFE8 /* Debug */ = {
			isa = XCBuildConfiguration;
			buildSettings = {
				ASSETCATALOG_COMPILER_APPICON_NAME = AppIcon;
				EMBEDDED_CONTENT_CONTAINS_SWIFT = YES;
				INFOPLIST_FILE = DRTourSwift/Info.plist;
				IPHONEOS_DEPLOYMENT_TARGET = 8.0;
				LD_RUNPATH_SEARCH_PATHS = "$(inherited) @executable_path/Frameworks";
				PRODUCT_BUNDLE_IDENTIFIER = cn.com.bluemoon.DRTourSwift;
				PRODUCT_NAME = "$(TARGET_NAME)";
			};
			name = Debug;
		};
		63F4A6BF1D3FD5050061BFE8 /* Release */ = {
			isa = XCBuildConfiguration;
			buildSettings = {
				ASSETCATALOG_COMPILER_APPICON_NAME = AppIcon;
				EMBEDDED_CONTENT_CONTAINS_SWIFT = YES;
				INFOPLIST_FILE = DRTourSwift/Info.plist;
				IPHONEOS_DEPLOYMENT_TARGET = 8.0;
				LD_RUNPATH_SEARCH_PATHS = "$(inherited) @executable_path/Frameworks";
				PRODUCT_BUNDLE_IDENTIFIER = cn.com.bluemoon.DRTourSwift;
				PRODUCT_NAME = "$(TARGET_NAME)";
			};
			name = Release;
		};
		63F4A6C11D3FD5050061BFE8 /* Debug */ = {
			isa = XCBuildConfiguration;
			buildSettings = {
				BUNDLE_LOADER = "$(TEST_HOST)";
				INFOPLIST_FILE = DRTourSwiftTests/Info.plist;
				LD_RUNPATH_SEARCH_PATHS = "$(inherited) @executable_path/Frameworks @loader_path/Frameworks";
				PRODUCT_BUNDLE_IDENTIFIER = cn.com.bluemoon.DRTourSwiftTests;
				PRODUCT_NAME = "$(TARGET_NAME)";
				TEST_HOST = "$(BUILT_PRODUCTS_DIR)/DRTourSwift.app/DRTourSwift";
			};
			name = Debug;
		};
		63F4A6C21D3FD5050061BFE8 /* Release */ = {
			isa = XCBuildConfiguration;
			buildSettings = {
				BUNDLE_LOADER = "$(TEST_HOST)";
				INFOPLIST_FILE = DRTourSwiftTests/Info.plist;
				LD_RUNPATH_SEARCH_PATHS = "$(inherited) @executable_path/Frameworks @loader_path/Frameworks";
				PRODUCT_BUNDLE_IDENTIFIER = cn.com.bluemoon.DRTourSwiftTests;
				PRODUCT_NAME = "$(TARGET_NAME)";
				TEST_HOST = "$(BUILT_PRODUCTS_DIR)/DRTourSwift.app/DRTourSwift";
			};
			name = Release;
		};
		63F4A6C41D3FD5050061BFE8 /* Debug */ = {
			isa = XCBuildConfiguration;
			buildSettings = {
				INFOPLIST_FILE = DRTourSwiftUITests/Info.plist;
				LD_RUNPATH_SEARCH_PATHS = "$(inherited) @executable_path/Frameworks @loader_path/Frameworks";
				PRODUCT_BUNDLE_IDENTIFIER = cn.com.bluemoon.DRTourSwiftUITests;
				PRODUCT_NAME = "$(TARGET_NAME)";
				TEST_TARGET_NAME = DRTourSwift;
			};
			name = Debug;
		};
		63F4A6C51D3FD5050061BFE8 /* Release */ = {
			isa = XCBuildConfiguration;
			buildSettings = {
				INFOPLIST_FILE = DRTourSwiftUITests/Info.plist;
				LD_RUNPATH_SEARCH_PATHS = "$(inherited) @executable_path/Frameworks @loader_path/Frameworks";
				PRODUCT_BUNDLE_IDENTIFIER = cn.com.bluemoon.DRTourSwiftUITests;
				PRODUCT_NAME = "$(TARGET_NAME)";
				TEST_TARGET_NAME = DRTourSwift;
			};
			name = Release;
		};
/* End XCBuildConfiguration section */

/* Begin XCConfigurationList section */
		63F4A6901D3FD5050061BFE8 /* Build configuration list for PBXProject "DRTourSwift" */ = {
			isa = XCConfigurationList;
			buildConfigurations = (
				63F4A6BB1D3FD5050061BFE8 /* Debug */,
				63F4A6BC1D3FD5050061BFE8 /* Release */,
			);
			defaultConfigurationIsVisible = 0;
			defaultConfigurationName = Release;
		};
		63F4A6BD1D3FD5050061BFE8 /* Build configuration list for PBXNativeTarget "DRTourSwift" */ = {
			isa = XCConfigurationList;
			buildConfigurations = (
				63F4A6BE1D3FD5050061BFE8 /* Debug */,
				63F4A6BF1D3FD5050061BFE8 /* Release */,
			);
			defaultConfigurationIsVisible = 0;
			defaultConfigurationName = Release;
		};
		63F4A6C01D3FD5050061BFE8 /* Build configuration list for PBXNativeTarget "DRTourSwiftTests" */ = {
			isa = XCConfigurationList;
			buildConfigurations = (
				63F4A6C11D3FD5050061BFE8 /* Debug */,
				63F4A6C21D3FD5050061BFE8 /* Release */,
			);
			defaultConfigurationIsVisible = 0;
			defaultConfigurationName = Release;
		};
		63F4A6C31D3FD5050061BFE8 /* Build configuration list for PBXNativeTarget "DRTourSwiftUITests" */ = {
			isa = XCConfigurationList;
			buildConfigurations = (
				63F4A6C41D3FD5050061BFE8 /* Debug */,
				63F4A6C51D3FD5050061BFE8 /* Release */,
			);
			defaultConfigurationIsVisible = 0;
			defaultConfigurationName = Release;
		};
/* End XCConfigurationList section */
	};
	rootObject = 63F4A68D1D3FD5050061BFE8 /* Project object */;
}
