// !$*UTF8*$!
{
	archiveVersion = 1;
	classes = {
	};
	objectVersion = 46;
	objects = {

/* Begin PBXBuildFile section */
		6340F8A11D431F860074FB22 /* UserHeaderButtonFavoritesSelected.png in Resources */ = {isa = PBXBuildFile; fileRef = 6340F88B1D431F860074FB22 /* UserHeaderButtonFavoritesSelected.png */; };
		6340F8A21D431F860074FB22 /* UserHeaderButtonFavoritesSelected@2x.png in Resources */ = {isa = PBXBuildFile; fileRef = 6340F88C1D431F860074FB22 /* UserHeaderButtonFavoritesSelected@2x.png */; };
		6340F8A31D431F860074FB22 /* UserHeaderButtonFavoritesSelected@3x.png in Resources */ = {isa = PBXBuildFile; fileRef = 6340F88D1D431F860074FB22 /* UserHeaderButtonFavoritesSelected@3x.png */; };
		6340F8A61D43286B0074FB22 /* DRSettingVC.swift in Sources */ = {isa = PBXBuildFile; fileRef = 6340F8A41D43286B0074FB22 /* DRSettingVC.swift */; };
		6340F8A71D43286B0074FB22 /* DRSettingVC.xib in Resources */ = {isa = PBXBuildFile; fileRef = 6340F8A51D43286B0074FB22 /* DRSettingVC.xib */; };
		63A772751D4347BF002CA441 /* DRBaseModel.swift in Sources */ = {isa = PBXBuildFile; fileRef = 63A772741D4347BF002CA441 /* DRBaseModel.swift */; };
		63A772771D4347D5002CA441 /* DRBaseVC.swift in Sources */ = {isa = PBXBuildFile; fileRef = 63A772761D4347D5002CA441 /* DRBaseVC.swift */; };
		63F4A6A01D3FD5050061BFE8 /* Assets.xcassets in Resources */ = {isa = PBXBuildFile; fileRef = 63F4A69F1D3FD5050061BFE8 /* Assets.xcassets */; };
		63F4A6A31D3FD5050061BFE8 /* LaunchScreen.storyboard in Resources */ = {isa = PBXBuildFile; fileRef = 63F4A6A11D3FD5050061BFE8 /* LaunchScreen.storyboard */; };
		63F4A6AE1D3FD5050061BFE8 /* DRTourSwiftTests.swift in Sources */ = {isa = PBXBuildFile; fileRef = 63F4A6AD1D3FD5050061BFE8 /* DRTourSwiftTests.swift */; };
		63F4A6B91D3FD5050061BFE8 /* DRTourSwiftUITests.swift in Sources */ = {isa = PBXBuildFile; fileRef = 63F4A6B81D3FD5050061BFE8 /* DRTourSwiftUITests.swift */; };
		63F4A6CA1D3FD5AC0061BFE8 /* AppDelegate.swift in Sources */ = {isa = PBXBuildFile; fileRef = 63F4A6C91D3FD5AC0061BFE8 /* AppDelegate.swift */; };
		63F4A6DC1D3FD6430061BFE8 /* Animator.swift in Sources */ = {isa = PBXBuildFile; fileRef = 63F4A6D91D3FD6430061BFE8 /* Animator.swift */; };
		63F4A6DD1D3FD6430061BFE8 /* PullToRefreshExtension.swift in Sources */ = {isa = PBXBuildFile; fileRef = 63F4A6DA1D3FD6430061BFE8 /* PullToRefreshExtension.swift */; };
		63F4A6DE1D3FD6430061BFE8 /* PullToRefreshView.swift in Sources */ = {isa = PBXBuildFile; fileRef = 63F4A6DB1D3FD6430061BFE8 /* PullToRefreshView.swift */; };
		63F4A6E11D3FD6A10061BFE8 /* DRAlert.swift in Sources */ = {isa = PBXBuildFile; fileRef = 63F4A6E01D3FD6A10061BFE8 /* DRAlert.swift */; };
		63FE8BC41D43D0640039C242 /* DRNotBaseVC.swift in Sources */ = {isa = PBXBuildFile; fileRef = 63FE8BC31D43D0640039C242 /* DRNotBaseVC.swift */; };
		63FE8BC71D43D3EB0039C242 /* DRNewsVC.swift in Sources */ = {isa = PBXBuildFile; fileRef = 63FE8BC51D43D3EB0039C242 /* DRNewsVC.swift */; };
		63FE8BC81D43D3EB0039C242 /* DRNewsVC.xib in Resources */ = {isa = PBXBuildFile; fileRef = 63FE8BC61D43D3EB0039C242 /* DRNewsVC.xib */; };
		63FE8BCB1D43D4CC0039C242 /* DRPersonTopView.swift in Sources */ = {isa = PBXBuildFile; fileRef = 63FE8BCA1D43D4CC0039C242 /* DRPersonTopView.swift */; };
		63FE8BCD1D43D4D20039C242 /* DRPersonTopView.xib in Resources */ = {isa = PBXBuildFile; fileRef = 63FE8BCC1D43D4D20039C242 /* DRPersonTopView.xib */; };
		ED02E04A1D45EF1100014D38 /* DRAliCloudTopView.xib in Resources */ = {isa = PBXBuildFile; fileRef = ED02E0491D45EF1100014D38 /* DRAliCloudTopView.xib */; };
		ED02E04C1D45EF2000014D38 /* DRAliCloudTopView.swift in Sources */ = {isa = PBXBuildFile; fileRef = ED02E04B1D45EF2000014D38 /* DRAliCloudTopView.swift */; };
		ED02E04F1D45F96600014D38 /* DRAliCloudCell.swift in Sources */ = {isa = PBXBuildFile; fileRef = ED02E04D1D45F96600014D38 /* DRAliCloudCell.swift */; };
		ED02E0501D45F96600014D38 /* DRAliCloudCell.xib in Resources */ = {isa = PBXBuildFile; fileRef = ED02E04E1D45F96600014D38 /* DRAliCloudCell.xib */; };
		ED02E08E1D45FFAC00014D38 /* BFApp.swift in Sources */ = {isa = PBXBuildFile; fileRef = ED02E0531D45FFAC00014D38 /* BFApp.swift */; };
		ED02E08F1D45FFAC00014D38 /* BFButton.swift in Sources */ = {isa = PBXBuildFile; fileRef = ED02E0541D45FFAC00014D38 /* BFButton.swift */; };
		ED02E0901D45FFAC00014D38 /* BFDataStructures.swift in Sources */ = {isa = PBXBuildFile; fileRef = ED02E0551D45FFAC00014D38 /* BFDataStructures.swift */; };
		ED02E0911D45FFAC00014D38 /* BFLog.swift in Sources */ = {isa = PBXBuildFile; fileRef = ED02E0561D45FFAC00014D38 /* BFLog.swift */; };
		ED02E0921D45FFAC00014D38 /* BFPassword.swift in Sources */ = {isa = PBXBuildFile; fileRef = ED02E0571D45FFAC00014D38 /* BFPassword.swift */; };
		ED02E0931D45FFAC00014D38 /* BFSystemSound.swift in Sources */ = {isa = PBXBuildFile; fileRef = ED02E0581D45FFAC00014D38 /* BFSystemSound.swift */; };
		ED02E0941D45FFAC00014D38 /* BFTextField.swift in Sources */ = {isa = PBXBuildFile; fileRef = ED02E0591D45FFAC00014D38 /* BFTextField.swift */; };
		ED02E0951D45FFAC00014D38 /* BFTouchID.swift in Sources */ = {isa = PBXBuildFile; fileRef = ED02E05A1D45FFAC00014D38 /* BFTouchID.swift */; };
		ED02E0961D45FFAC00014D38 /* BFView.swift in Sources */ = {isa = PBXBuildFile; fileRef = ED02E05B1D45FFAC00014D38 /* BFView.swift */; };
		ED02E0971D45FFAC00014D38 /* BFKit.swift in Sources */ = {isa = PBXBuildFile; fileRef = ED02E05C1D45FFAC00014D38 /* BFKit.swift */; };
		ED02E0981D45FFAC00014D38 /* Array+BFKit.swift in Sources */ = {isa = PBXBuildFile; fileRef = ED02E05F1D45FFAC00014D38 /* Array+BFKit.swift */; };
		ED02E0991D45FFAC00014D38 /* Dictionary+BFKit.swift in Sources */ = {isa = PBXBuildFile; fileRef = ED02E0601D45FFAC00014D38 /* Dictionary+BFKit.swift */; };
		ED02E09A1D45FFAC00014D38 /* NSArray+BFKit.swift in Sources */ = {isa = PBXBuildFile; fileRef = ED02E0611D45FFAC00014D38 /* NSArray+BFKit.swift */; };
		ED02E09B1D45FFAC00014D38 /* NSData+BFKit.swift in Sources */ = {isa = PBXBuildFile; fileRef = ED02E0621D45FFAC00014D38 /* NSData+BFKit.swift */; };
		ED02E09C1D45FFAC00014D38 /* NSDate+BFKit.swift in Sources */ = {isa = PBXBuildFile; fileRef = ED02E0631D45FFAC00014D38 /* NSDate+BFKit.swift */; };
		ED02E09D1D45FFAC00014D38 /* NSDictionary+BFKit.swift in Sources */ = {isa = PBXBuildFile; fileRef = ED02E0641D45FFAC00014D38 /* NSDictionary+BFKit.swift */; };
		ED02E09E1D45FFAC00014D38 /* NSFileManager+BFKit.swift in Sources */ = {isa = PBXBuildFile; fileRef = ED02E0651D45FFAC00014D38 /* NSFileManager+BFKit.swift */; };
		ED02E09F1D45FFAC00014D38 /* NSMutableArray+BFKit.swift in Sources */ = {isa = PBXBuildFile; fileRef = ED02E0661D45FFAC00014D38 /* NSMutableArray+BFKit.swift */; };
		ED02E0A01D45FFAC00014D38 /* NSMutableDictionary+BFKit.swift in Sources */ = {isa = PBXBuildFile; fileRef = ED02E0671D45FFAC00014D38 /* NSMutableDictionary+BFKit.swift */; };
		ED02E0A11D45FFAC00014D38 /* NSNumber+BFKit.swift in Sources */ = {isa = PBXBuildFile; fileRef = ED02E0681D45FFAC00014D38 /* NSNumber+BFKit.swift */; };
		ED02E0A21D45FFAC00014D38 /* NSObject+BFKit.swift in Sources */ = {isa = PBXBuildFile; fileRef = ED02E0691D45FFAC00014D38 /* NSObject+BFKit.swift */; };
		ED02E0A31D45FFAC00014D38 /* NSProcessInfo+BFKit.swift in Sources */ = {isa = PBXBuildFile; fileRef = ED02E06A1D45FFAC00014D38 /* NSProcessInfo+BFKit.swift */; };
		ED02E0A41D45FFAC00014D38 /* NSString+BFKit.swift in Sources */ = {isa = PBXBuildFile; fileRef = ED02E06B1D45FFAC00014D38 /* NSString+BFKit.swift */; };
		ED02E0A51D45FFAC00014D38 /* NSThread+BFKit.swift in Sources */ = {isa = PBXBuildFile; fileRef = ED02E06C1D45FFAC00014D38 /* NSThread+BFKit.swift */; };
		ED02E0A61D45FFAC00014D38 /* String+BFKit.swift in Sources */ = {isa = PBXBuildFile; fileRef = ED02E06D1D45FFAC00014D38 /* String+BFKit.swift */; };
		ED02E0A71D45FFAC00014D38 /* UIBarButtonItem+BFKit.swift in Sources */ = {isa = PBXBuildFile; fileRef = ED02E06F1D45FFAC00014D38 /* UIBarButtonItem+BFKit.swift */; };
		ED02E0A81D45FFAC00014D38 /* UIButton+BFKit.swift in Sources */ = {isa = PBXBuildFile; fileRef = ED02E0701D45FFAC00014D38 /* UIButton+BFKit.swift */; };
		ED02E0A91D45FFAC00014D38 /* UIColor+BFKit.swift in Sources */ = {isa = PBXBuildFile; fileRef = ED02E0711D45FFAC00014D38 /* UIColor+BFKit.swift */; };
		ED02E0AA1D45FFAC00014D38 /* UIDevice+BFKit.swift in Sources */ = {isa = PBXBuildFile; fileRef = ED02E0721D45FFAC00014D38 /* UIDevice+BFKit.swift */; };
		ED02E0AB1D45FFAC00014D38 /* UIFont+BFKit.swift in Sources */ = {isa = PBXBuildFile; fileRef = ED02E0731D45FFAC00014D38 /* UIFont+BFKit.swift */; };
		ED02E0AC1D45FFAC00014D38 /* UIImage+BFKit.swift in Sources */ = {isa = PBXBuildFile; fileRef = ED02E0741D45FFAC00014D38 /* UIImage+BFKit.swift */; };
		ED02E0AD1D45FFAC00014D38 /* UIImageView+BFKit.swift in Sources */ = {isa = PBXBuildFile; fileRef = ED02E0751D45FFAC00014D38 /* UIImageView+BFKit.swift */; };
		ED02E0AE1D45FFAC00014D38 /* UILabel+BFKit.swift in Sources */ = {isa = PBXBuildFile; fileRef = ED02E0761D45FFAC00014D38 /* UILabel+BFKit.swift */; };
		ED02E0AF1D45FFAC00014D38 /* UINavigationBar+BFKit.swift in Sources */ = {isa = PBXBuildFile; fileRef = ED02E0771D45FFAC00014D38 /* UINavigationBar+BFKit.swift */; };
		ED02E0B01D45FFAC00014D38 /* UIPasteboard.swift in Sources */ = {isa = PBXBuildFile; fileRef = ED02E0781D45FFAC00014D38 /* UIPasteboard.swift */; };
		ED02E0B11D45FFAC00014D38 /* UIScreen+BFKit.swift in Sources */ = {isa = PBXBuildFile; fileRef = ED02E0791D45FFAC00014D38 /* UIScreen+BFKit.swift */; };
		ED02E0B21D45FFAC00014D38 /* UIScrollView+BFKit.swift in Sources */ = {isa = PBXBuildFile; fileRef = ED02E07A1D45FFAC00014D38 /* UIScrollView+BFKit.swift */; };
		ED02E0B31D45FFAC00014D38 /* UITableView+BFKit.swift in Sources */ = {isa = PBXBuildFile; fileRef = ED02E07B1D45FFAC00014D38 /* UITableView+BFKit.swift */; };
		ED02E0B41D45FFAC00014D38 /* UITextField+BFKit.swift in Sources */ = {isa = PBXBuildFile; fileRef = ED02E07C1D45FFAC00014D38 /* UITextField+BFKit.swift */; };
		ED02E0B51D45FFAC00014D38 /* UITextView+BFKit.swift in Sources */ = {isa = PBXBuildFile; fileRef = ED02E07D1D45FFAC00014D38 /* UITextView+BFKit.swift */; };
		ED02E0B61D45FFAC00014D38 /* UIToolbar+BFKit.swift in Sources */ = {isa = PBXBuildFile; fileRef = ED02E07E1D45FFAC00014D38 /* UIToolbar+BFKit.swift */; };
		ED02E0B71D45FFAC00014D38 /* UIView+BFKit.swift in Sources */ = {isa = PBXBuildFile; fileRef = ED02E07F1D45FFAC00014D38 /* UIView+BFKit.swift */; };
		ED02E0B81D45FFAC00014D38 /* UIWebView+BFKit.swift in Sources */ = {isa = PBXBuildFile; fileRef = ED02E0801D45FFAC00014D38 /* UIWebView+BFKit.swift */; };
		ED02E0B91D45FFAC00014D38 /* UIWindow+BFKit.swift in Sources */ = {isa = PBXBuildFile; fileRef = ED02E0811D45FFAC00014D38 /* UIWindow+BFKit.swift */; };
		ED02E0BA1D45FFAC00014D38 /* BFKit.strings in Resources */ = {isa = PBXBuildFile; fileRef = ED02E0831D45FFAC00014D38 /* BFKit.strings */; };
		ED02E0C71D4611AC00014D38 /* UIView+Extension.swift in Sources */ = {isa = PBXBuildFile; fileRef = ED02E0C51D4611AC00014D38 /* UIView+Extension.swift */; };
		ED0C36321D47549F00732057 /* DRNetworkingInterface.swift in Sources */ = {isa = PBXBuildFile; fileRef = ED0C36311D47549F00732057 /* DRNetworkingInterface.swift */; };
		ED0C36351D4754E300732057 /* DRGlobalConfig.swift in Sources */ = {isa = PBXBuildFile; fileRef = ED0C36341D4754E300732057 /* DRGlobalConfig.swift */; };
		ED15C7FB1D40B09E001FF7D3 /* DRScanfCodeVC.swift in Sources */ = {isa = PBXBuildFile; fileRef = ED15C7FA1D40B09E001FF7D3 /* DRScanfCodeVC.swift */; };
		ED15C8021D40C378001FF7D3 /* DRBaseScanfCodeVC.swift in Sources */ = {isa = PBXBuildFile; fileRef = ED15C8011D40C378001FF7D3 /* DRBaseScanfCodeVC.swift */; };
		ED15C8041D40C3B5001FF7D3 /* DRBaseScanfCodeSettingView.swift in Sources */ = {isa = PBXBuildFile; fileRef = ED15C8031D40C3B5001FF7D3 /* DRBaseScanfCodeSettingView.swift */; };
		ED15C8061D40C3C5001FF7D3 /* DRBaseScanfCodeSettingView.xib in Resources */ = {isa = PBXBuildFile; fileRef = ED15C8051D40C3C5001FF7D3 /* DRBaseScanfCodeSettingView.xib */; };
		ED15C8101D40C62C001FF7D3 /* image_qr_corner_001_@2x.png in Resources */ = {isa = PBXBuildFile; fileRef = ED15C8071D40C62C001FF7D3 /* image_qr_corner_001_@2x.png */; };
		ED15C8111D40C62C001FF7D3 /* image_qr_corner_001_@3x.png in Resources */ = {isa = PBXBuildFile; fileRef = ED15C8081D40C62C001FF7D3 /* image_qr_corner_001_@3x.png */; };
		ED15C8121D40C62C001FF7D3 /* image_qr_corner_002_@2x.png in Resources */ = {isa = PBXBuildFile; fileRef = ED15C8091D40C62C001FF7D3 /* image_qr_corner_002_@2x.png */; };
		ED15C8131D40C62C001FF7D3 /* image_qr_corner_002_@3x.png in Resources */ = {isa = PBXBuildFile; fileRef = ED15C80A1D40C62C001FF7D3 /* image_qr_corner_002_@3x.png */; };
		ED15C8141D40C62C001FF7D3 /* image_qr_corner_003_@2x.png in Resources */ = {isa = PBXBuildFile; fileRef = ED15C80B1D40C62C001FF7D3 /* image_qr_corner_003_@2x.png */; };
		ED15C8151D40C62C001FF7D3 /* image_qr_corner_003_@3x.png in Resources */ = {isa = PBXBuildFile; fileRef = ED15C80C1D40C62C001FF7D3 /* image_qr_corner_003_@3x.png */; };
		ED15C8161D40C62C001FF7D3 /* image_qr_corner_004_@2x.png in Resources */ = {isa = PBXBuildFile; fileRef = ED15C80D1D40C62C001FF7D3 /* image_qr_corner_004_@2x.png */; };
		ED15C8171D40C62C001FF7D3 /* image_qr_corner_004_@3x.png in Resources */ = {isa = PBXBuildFile; fileRef = ED15C80E1D40C62C001FF7D3 /* image_qr_corner_004_@3x.png */; };
		ED15C8181D40C62C001FF7D3 /* image_qr_scan_line_001@2x.png in Resources */ = {isa = PBXBuildFile; fileRef = ED15C80F1D40C62C001FF7D3 /* image_qr_scan_line_001@2x.png */; };
		ED636A811D45E8C4004FE26C /* DRScrollAdvertView.swift in Sources */ = {isa = PBXBuildFile; fileRef = ED636A801D45E8C4004FE26C /* DRScrollAdvertView.swift */; };
		ED67F5FB1D40523200E17A67 /* DRTabBarController.swift in Sources */ = {isa = PBXBuildFile; fileRef = ED67F5F61D40523200E17A67 /* DRTabBarController.swift */; };
		ED67F5FE1D40524F00E17A67 /* DRAliCloudVC.swift in Sources */ = {isa = PBXBuildFile; fileRef = ED67F5FC1D40524F00E17A67 /* DRAliCloudVC.swift */; };
		ED67F5FF1D40524F00E17A67 /* DRAliCloudVC.xib in Resources */ = {isa = PBXBuildFile; fileRef = ED67F5FD1D40524F00E17A67 /* DRAliCloudVC.xib */; };
		ED67F6021D4052E000E17A67 /* DRPersonVC.swift in Sources */ = {isa = PBXBuildFile; fileRef = ED67F6001D4052E000E17A67 /* DRPersonVC.swift */; };
		ED67F6031D4052E000E17A67 /* DRPersonVC.xib in Resources */ = {isa = PBXBuildFile; fileRef = ED67F6011D4052E000E17A67 /* DRPersonVC.xib */; };
		ED67F6061D40531D00E17A67 /* DRConsoleVC.swift in Sources */ = {isa = PBXBuildFile; fileRef = ED67F6041D40531D00E17A67 /* DRConsoleVC.swift */; };
		ED67F6071D40531D00E17A67 /* DRConsoleVC.xib in Resources */ = {isa = PBXBuildFile; fileRef = ED67F6051D40531D00E17A67 /* DRConsoleVC.xib */; };
		ED67F60A1D40532C00E17A67 /* DRCloudCacheVC.swift in Sources */ = {isa = PBXBuildFile; fileRef = ED67F6081D40532C00E17A67 /* DRCloudCacheVC.swift */; };
		ED67F60B1D40532C00E17A67 /* DRCloudCacheVC.xib in Resources */ = {isa = PBXBuildFile; fileRef = ED67F6091D40532C00E17A67 /* DRCloudCacheVC.xib */; };
		ED67F60E1D40588900E17A67 /* DRAliCloudDateVC.swift in Sources */ = {isa = PBXBuildFile; fileRef = ED67F60C1D40588900E17A67 /* DRAliCloudDateVC.swift */; };
		ED67F60F1D40588900E17A67 /* DRAliCloudDateVC.xib in Resources */ = {isa = PBXBuildFile; fileRef = ED67F60D1D40588900E17A67 /* DRAliCloudDateVC.xib */; };
		EDEDD51A1D41B80700B8699C /* DRNetworkingManager.swift in Sources */ = {isa = PBXBuildFile; fileRef = EDEDD5191D41B80700B8699C /* DRNetworkingManager.swift */; };
/* End PBXBuildFile section */

/* Begin PBXContainerItemProxy section */
		63F4A6AA1D3FD5050061BFE8 /* PBXContainerItemProxy */ = {
			isa = PBXContainerItemProxy;
			containerPortal = 63F4A68D1D3FD5050061BFE8 /* Project object */;
			proxyType = 1;
			remoteGlobalIDString = 63F4A6941D3FD5050061BFE8;
			remoteInfo = DRTourSwift;
		};
		63F4A6B51D3FD5050061BFE8 /* PBXContainerItemProxy */ = {
			isa = PBXContainerItemProxy;
			containerPortal = 63F4A68D1D3FD5050061BFE8 /* Project object */;
			proxyType = 1;
			remoteGlobalIDString = 63F4A6941D3FD5050061BFE8;
			remoteInfo = DRTourSwift;
		};
/* End PBXContainerItemProxy section */

/* Begin PBXCopyFilesBuildPhase section */
		ED9091B31D4062BE009D0B58 /* Embed Frameworks */ = {
			isa = PBXCopyFilesBuildPhase;
			buildActionMask = 2147483647;
			dstPath = "";
			dstSubfolderSpec = 10;
			files = (
			);
			name = "Embed Frameworks";
			runOnlyForDeploymentPostprocessing = 0;
		};
/* End PBXCopyFilesBuildPhase section */

/* Begin PBXFileReference section */
		6340F88B1D431F860074FB22 /* UserHeaderButtonFavoritesSelected.png */ = {isa = PBXFileReference; lastKnownFileType = image.png; path = UserHeaderButtonFavoritesSelected.png; sourceTree = "<group>"; };
		6340F88C1D431F860074FB22 /* UserHeaderButtonFavoritesSelected@2x.png */ = {isa = PBXFileReference; lastKnownFileType = image.png; path = "UserHeaderButtonFavoritesSelected@2x.png"; sourceTree = "<group>"; };
		6340F88D1D431F860074FB22 /* UserHeaderButtonFavoritesSelected@3x.png */ = {isa = PBXFileReference; lastKnownFileType = image.png; path = "UserHeaderButtonFavoritesSelected@3x.png"; sourceTree = "<group>"; };
		6340F8A41D43286B0074FB22 /* DRSettingVC.swift */ = {isa = PBXFileReference; fileEncoding = 4; lastKnownFileType = sourcecode.swift; path = DRSettingVC.swift; sourceTree = "<group>"; };
		6340F8A51D43286B0074FB22 /* DRSettingVC.xib */ = {isa = PBXFileReference; fileEncoding = 4; lastKnownFileType = file.xib; path = DRSettingVC.xib; sourceTree = "<group>"; };
		63A772741D4347BF002CA441 /* DRBaseModel.swift */ = {isa = PBXFileReference; fileEncoding = 4; lastKnownFileType = sourcecode.swift; path = DRBaseModel.swift; sourceTree = "<group>"; };
		63A772761D4347D5002CA441 /* DRBaseVC.swift */ = {isa = PBXFileReference; fileEncoding = 4; lastKnownFileType = sourcecode.swift; path = DRBaseVC.swift; sourceTree = "<group>"; };
		63F4A6951D3FD5050061BFE8 /* DRTourSwift.app */ = {isa = PBXFileReference; explicitFileType = wrapper.application; includeInIndex = 0; path = DRTourSwift.app; sourceTree = BUILT_PRODUCTS_DIR; };
		63F4A69F1D3FD5050061BFE8 /* Assets.xcassets */ = {isa = PBXFileReference; lastKnownFileType = folder.assetcatalog; path = Assets.xcassets; sourceTree = "<group>"; };
		63F4A6A21D3FD5050061BFE8 /* Base */ = {isa = PBXFileReference; lastKnownFileType = file.storyboard; name = Base; path = Base.lproj/LaunchScreen.storyboard; sourceTree = "<group>"; };
		63F4A6A41D3FD5050061BFE8 /* Info.plist */ = {isa = PBXFileReference; lastKnownFileType = text.plist.xml; path = Info.plist; sourceTree = "<group>"; };
		63F4A6A91D3FD5050061BFE8 /* DRTourSwiftTests.xctest */ = {isa = PBXFileReference; explicitFileType = wrapper.cfbundle; includeInIndex = 0; path = DRTourSwiftTests.xctest; sourceTree = BUILT_PRODUCTS_DIR; };
		63F4A6AD1D3FD5050061BFE8 /* DRTourSwiftTests.swift */ = {isa = PBXFileReference; lastKnownFileType = sourcecode.swift; path = DRTourSwiftTests.swift; sourceTree = "<group>"; };
		63F4A6AF1D3FD5050061BFE8 /* Info.plist */ = {isa = PBXFileReference; lastKnownFileType = text.plist.xml; path = Info.plist; sourceTree = "<group>"; };
		63F4A6B41D3FD5050061BFE8 /* DRTourSwiftUITests.xctest */ = {isa = PBXFileReference; explicitFileType = wrapper.cfbundle; includeInIndex = 0; path = DRTourSwiftUITests.xctest; sourceTree = BUILT_PRODUCTS_DIR; };
		63F4A6B81D3FD5050061BFE8 /* DRTourSwiftUITests.swift */ = {isa = PBXFileReference; lastKnownFileType = sourcecode.swift; path = DRTourSwiftUITests.swift; sourceTree = "<group>"; };
		63F4A6BA1D3FD5050061BFE8 /* Info.plist */ = {isa = PBXFileReference; lastKnownFileType = text.plist.xml; path = Info.plist; sourceTree = "<group>"; };
		63F4A6C91D3FD5AC0061BFE8 /* AppDelegate.swift */ = {isa = PBXFileReference; fileEncoding = 4; lastKnownFileType = sourcecode.swift; path = AppDelegate.swift; sourceTree = "<group>"; };
		63F4A6D91D3FD6430061BFE8 /* Animator.swift */ = {isa = PBXFileReference; fileEncoding = 4; lastKnownFileType = sourcecode.swift; path = Animator.swift; sourceTree = "<group>"; };
		63F4A6DA1D3FD6430061BFE8 /* PullToRefreshExtension.swift */ = {isa = PBXFileReference; fileEncoding = 4; lastKnownFileType = sourcecode.swift; path = PullToRefreshExtension.swift; sourceTree = "<group>"; };
		63F4A6DB1D3FD6430061BFE8 /* PullToRefreshView.swift */ = {isa = PBXFileReference; fileEncoding = 4; lastKnownFileType = sourcecode.swift; path = PullToRefreshView.swift; sourceTree = "<group>"; };
		63F4A6E01D3FD6A10061BFE8 /* DRAlert.swift */ = {isa = PBXFileReference; fileEncoding = 4; lastKnownFileType = sourcecode.swift; path = DRAlert.swift; sourceTree = "<group>"; };
		63FE8BC31D43D0640039C242 /* DRNotBaseVC.swift */ = {isa = PBXFileReference; fileEncoding = 4; lastKnownFileType = sourcecode.swift; path = DRNotBaseVC.swift; sourceTree = "<group>"; };
		63FE8BC51D43D3EB0039C242 /* DRNewsVC.swift */ = {isa = PBXFileReference; fileEncoding = 4; lastKnownFileType = sourcecode.swift; path = DRNewsVC.swift; sourceTree = "<group>"; };
		63FE8BC61D43D3EB0039C242 /* DRNewsVC.xib */ = {isa = PBXFileReference; fileEncoding = 4; lastKnownFileType = file.xib; path = DRNewsVC.xib; sourceTree = "<group>"; };
		63FE8BCA1D43D4CC0039C242 /* DRPersonTopView.swift */ = {isa = PBXFileReference; fileEncoding = 4; lastKnownFileType = sourcecode.swift; path = DRPersonTopView.swift; sourceTree = "<group>"; };
		63FE8BCC1D43D4D20039C242 /* DRPersonTopView.xib */ = {isa = PBXFileReference; fileEncoding = 4; lastKnownFileType = file.xib; path = DRPersonTopView.xib; sourceTree = "<group>"; };
		ED02E0491D45EF1100014D38 /* DRAliCloudTopView.xib */ = {isa = PBXFileReference; fileEncoding = 4; lastKnownFileType = file.xib; path = DRAliCloudTopView.xib; sourceTree = "<group>"; };
		ED02E04B1D45EF2000014D38 /* DRAliCloudTopView.swift */ = {isa = PBXFileReference; fileEncoding = 4; lastKnownFileType = sourcecode.swift; path = DRAliCloudTopView.swift; sourceTree = "<group>"; };
		ED02E04D1D45F96600014D38 /* DRAliCloudCell.swift */ = {isa = PBXFileReference; fileEncoding = 4; lastKnownFileType = sourcecode.swift; path = DRAliCloudCell.swift; sourceTree = "<group>"; };
		ED02E04E1D45F96600014D38 /* DRAliCloudCell.xib */ = {isa = PBXFileReference; fileEncoding = 4; lastKnownFileType = file.xib; path = DRAliCloudCell.xib; sourceTree = "<group>"; };
		ED02E0531D45FFAC00014D38 /* BFApp.swift */ = {isa = PBXFileReference; fileEncoding = 4; lastKnownFileType = sourcecode.swift; path = BFApp.swift; sourceTree = "<group>"; };
		ED02E0541D45FFAC00014D38 /* BFButton.swift */ = {isa = PBXFileReference; fileEncoding = 4; lastKnownFileType = sourcecode.swift; path = BFButton.swift; sourceTree = "<group>"; };
		ED02E0551D45FFAC00014D38 /* BFDataStructures.swift */ = {isa = PBXFileReference; fileEncoding = 4; lastKnownFileType = sourcecode.swift; path = BFDataStructures.swift; sourceTree = "<group>"; };
		ED02E0561D45FFAC00014D38 /* BFLog.swift */ = {isa = PBXFileReference; fileEncoding = 4; lastKnownFileType = sourcecode.swift; path = BFLog.swift; sourceTree = "<group>"; };
		ED02E0571D45FFAC00014D38 /* BFPassword.swift */ = {isa = PBXFileReference; fileEncoding = 4; lastKnownFileType = sourcecode.swift; path = BFPassword.swift; sourceTree = "<group>"; };
		ED02E0581D45FFAC00014D38 /* BFSystemSound.swift */ = {isa = PBXFileReference; fileEncoding = 4; lastKnownFileType = sourcecode.swift; path = BFSystemSound.swift; sourceTree = "<group>"; };
		ED02E0591D45FFAC00014D38 /* BFTextField.swift */ = {isa = PBXFileReference; fileEncoding = 4; lastKnownFileType = sourcecode.swift; path = BFTextField.swift; sourceTree = "<group>"; };
		ED02E05A1D45FFAC00014D38 /* BFTouchID.swift */ = {isa = PBXFileReference; fileEncoding = 4; lastKnownFileType = sourcecode.swift; path = BFTouchID.swift; sourceTree = "<group>"; };
		ED02E05B1D45FFAC00014D38 /* BFView.swift */ = {isa = PBXFileReference; fileEncoding = 4; lastKnownFileType = sourcecode.swift; path = BFView.swift; sourceTree = "<group>"; };
		ED02E05C1D45FFAC00014D38 /* BFKit.swift */ = {isa = PBXFileReference; fileEncoding = 4; lastKnownFileType = sourcecode.swift; path = BFKit.swift; sourceTree = "<group>"; };
		ED02E05F1D45FFAC00014D38 /* Array+BFKit.swift */ = {isa = PBXFileReference; fileEncoding = 4; lastKnownFileType = sourcecode.swift; path = "Array+BFKit.swift"; sourceTree = "<group>"; };
		ED02E0601D45FFAC00014D38 /* Dictionary+BFKit.swift */ = {isa = PBXFileReference; fileEncoding = 4; lastKnownFileType = sourcecode.swift; path = "Dictionary+BFKit.swift"; sourceTree = "<group>"; };
		ED02E0611D45FFAC00014D38 /* NSArray+BFKit.swift */ = {isa = PBXFileReference; fileEncoding = 4; lastKnownFileType = sourcecode.swift; path = "NSArray+BFKit.swift"; sourceTree = "<group>"; };
		ED02E0621D45FFAC00014D38 /* NSData+BFKit.swift */ = {isa = PBXFileReference; fileEncoding = 4; lastKnownFileType = sourcecode.swift; path = "NSData+BFKit.swift"; sourceTree = "<group>"; };
		ED02E0631D45FFAC00014D38 /* NSDate+BFKit.swift */ = {isa = PBXFileReference; fileEncoding = 4; lastKnownFileType = sourcecode.swift; path = "NSDate+BFKit.swift"; sourceTree = "<group>"; };
		ED02E0641D45FFAC00014D38 /* NSDictionary+BFKit.swift */ = {isa = PBXFileReference; fileEncoding = 4; lastKnownFileType = sourcecode.swift; path = "NSDictionary+BFKit.swift"; sourceTree = "<group>"; };
		ED02E0651D45FFAC00014D38 /* NSFileManager+BFKit.swift */ = {isa = PBXFileReference; fileEncoding = 4; lastKnownFileType = sourcecode.swift; path = "NSFileManager+BFKit.swift"; sourceTree = "<group>"; };
		ED02E0661D45FFAC00014D38 /* NSMutableArray+BFKit.swift */ = {isa = PBXFileReference; fileEncoding = 4; lastKnownFileType = sourcecode.swift; path = "NSMutableArray+BFKit.swift"; sourceTree = "<group>"; };
		ED02E0671D45FFAC00014D38 /* NSMutableDictionary+BFKit.swift */ = {isa = PBXFileReference; fileEncoding = 4; lastKnownFileType = sourcecode.swift; path = "NSMutableDictionary+BFKit.swift"; sourceTree = "<group>"; };
		ED02E0681D45FFAC00014D38 /* NSNumber+BFKit.swift */ = {isa = PBXFileReference; fileEncoding = 4; lastKnownFileType = sourcecode.swift; path = "NSNumber+BFKit.swift"; sourceTree = "<group>"; };
		ED02E0691D45FFAC00014D38 /* NSObject+BFKit.swift */ = {isa = PBXFileReference; fileEncoding = 4; lastKnownFileType = sourcecode.swift; path = "NSObject+BFKit.swift"; sourceTree = "<group>"; };
		ED02E06A1D45FFAC00014D38 /* NSProcessInfo+BFKit.swift */ = {isa = PBXFileReference; fileEncoding = 4; lastKnownFileType = sourcecode.swift; path = "NSProcessInfo+BFKit.swift"; sourceTree = "<group>"; };
		ED02E06B1D45FFAC00014D38 /* NSString+BFKit.swift */ = {isa = PBXFileReference; fileEncoding = 4; lastKnownFileType = sourcecode.swift; path = "NSString+BFKit.swift"; sourceTree = "<group>"; };
		ED02E06C1D45FFAC00014D38 /* NSThread+BFKit.swift */ = {isa = PBXFileReference; fileEncoding = 4; lastKnownFileType = sourcecode.swift; path = "NSThread+BFKit.swift"; sourceTree = "<group>"; };
		ED02E06D1D45FFAC00014D38 /* String+BFKit.swift */ = {isa = PBXFileReference; fileEncoding = 4; lastKnownFileType = sourcecode.swift; path = "String+BFKit.swift"; sourceTree = "<group>"; };
		ED02E06F1D45FFAC00014D38 /* UIBarButtonItem+BFKit.swift */ = {isa = PBXFileReference; fileEncoding = 4; lastKnownFileType = sourcecode.swift; path = "UIBarButtonItem+BFKit.swift"; sourceTree = "<group>"; };
		ED02E0701D45FFAC00014D38 /* UIButton+BFKit.swift */ = {isa = PBXFileReference; fileEncoding = 4; lastKnownFileType = sourcecode.swift; path = "UIButton+BFKit.swift"; sourceTree = "<group>"; };
		ED02E0711D45FFAC00014D38 /* UIColor+BFKit.swift */ = {isa = PBXFileReference; fileEncoding = 4; lastKnownFileType = sourcecode.swift; path = "UIColor+BFKit.swift"; sourceTree = "<group>"; };
		ED02E0721D45FFAC00014D38 /* UIDevice+BFKit.swift */ = {isa = PBXFileReference; fileEncoding = 4; lastKnownFileType = sourcecode.swift; path = "UIDevice+BFKit.swift"; sourceTree = "<group>"; };
		ED02E0731D45FFAC00014D38 /* UIFont+BFKit.swift */ = {isa = PBXFileReference; fileEncoding = 4; lastKnownFileType = sourcecode.swift; path = "UIFont+BFKit.swift"; sourceTree = "<group>"; };
		ED02E0741D45FFAC00014D38 /* UIImage+BFKit.swift */ = {isa = PBXFileReference; fileEncoding = 4; lastKnownFileType = sourcecode.swift; path = "UIImage+BFKit.swift"; sourceTree = "<group>"; };
		ED02E0751D45FFAC00014D38 /* UIImageView+BFKit.swift */ = {isa = PBXFileReference; fileEncoding = 4; lastKnownFileType = sourcecode.swift; path = "UIImageView+BFKit.swift"; sourceTree = "<group>"; };
		ED02E0761D45FFAC00014D38 /* UILabel+BFKit.swift */ = {isa = PBXFileReference; fileEncoding = 4; lastKnownFileType = sourcecode.swift; path = "UILabel+BFKit.swift"; sourceTree = "<group>"; };
		ED02E0771D45FFAC00014D38 /* UINavigationBar+BFKit.swift */ = {isa = PBXFileReference; fileEncoding = 4; lastKnownFileType = sourcecode.swift; path = "UINavigationBar+BFKit.swift"; sourceTree = "<group>"; };
		ED02E0781D45FFAC00014D38 /* UIPasteboard.swift */ = {isa = PBXFileReference; fileEncoding = 4; lastKnownFileType = sourcecode.swift; path = UIPasteboard.swift; sourceTree = "<group>"; };
		ED02E0791D45FFAC00014D38 /* UIScreen+BFKit.swift */ = {isa = PBXFileReference; fileEncoding = 4; lastKnownFileType = sourcecode.swift; path = "UIScreen+BFKit.swift"; sourceTree = "<group>"; };
		ED02E07A1D45FFAC00014D38 /* UIScrollView+BFKit.swift */ = {isa = PBXFileReference; fileEncoding = 4; lastKnownFileType = sourcecode.swift; path = "UIScrollView+BFKit.swift"; sourceTree = "<group>"; };
		ED02E07B1D45FFAC00014D38 /* UITableView+BFKit.swift */ = {isa = PBXFileReference; fileEncoding = 4; lastKnownFileType = sourcecode.swift; path = "UITableView+BFKit.swift"; sourceTree = "<group>"; };
		ED02E07C1D45FFAC00014D38 /* UITextField+BFKit.swift */ = {isa = PBXFileReference; fileEncoding = 4; lastKnownFileType = sourcecode.swift; path = "UITextField+BFKit.swift"; sourceTree = "<group>"; };
		ED02E07D1D45FFAC00014D38 /* UITextView+BFKit.swift */ = {isa = PBXFileReference; fileEncoding = 4; lastKnownFileType = sourcecode.swift; path = "UITextView+BFKit.swift"; sourceTree = "<group>"; };
		ED02E07E1D45FFAC00014D38 /* UIToolbar+BFKit.swift */ = {isa = PBXFileReference; fileEncoding = 4; lastKnownFileType = sourcecode.swift; path = "UIToolbar+BFKit.swift"; sourceTree = "<group>"; };
		ED02E07F1D45FFAC00014D38 /* UIView+BFKit.swift */ = {isa = PBXFileReference; fileEncoding = 4; lastKnownFileType = sourcecode.swift; path = "UIView+BFKit.swift"; sourceTree = "<group>"; };
		ED02E0801D45FFAC00014D38 /* UIWebView+BFKit.swift */ = {isa = PBXFileReference; fileEncoding = 4; lastKnownFileType = sourcecode.swift; path = "UIWebView+BFKit.swift"; sourceTree = "<group>"; };
		ED02E0811D45FFAC00014D38 /* UIWindow+BFKit.swift */ = {isa = PBXFileReference; fileEncoding = 4; lastKnownFileType = sourcecode.swift; path = "UIWindow+BFKit.swift"; sourceTree = "<group>"; };
		ED02E0841D45FFAC00014D38 /* en */ = {isa = PBXFileReference; lastKnownFileType = text.plist.strings; name = en; path = en.lproj/BFKit.strings; sourceTree = "<group>"; };
		ED02E0851D45FFAC00014D38 /* id */ = {isa = PBXFileReference; lastKnownFileType = text.plist.strings; name = id; path = id.lproj/BFKit.strings; sourceTree = "<group>"; };
		ED02E0861D45FFAC00014D38 /* it */ = {isa = PBXFileReference; lastKnownFileType = text.plist.strings; name = it; path = it.lproj/BFKit.strings; sourceTree = "<group>"; };
		ED02E0871D45FFAC00014D38 /* pt-BR */ = {isa = PBXFileReference; lastKnownFileType = text.plist.strings; name = "pt-BR"; path = "pt-BR.lproj/BFKit.strings"; sourceTree = "<group>"; };
		ED02E0881D45FFAC00014D38 /* ru */ = {isa = PBXFileReference; lastKnownFileType = text.plist.strings; name = ru; path = ru.lproj/BFKit.strings; sourceTree = "<group>"; };
		ED02E0891D45FFAC00014D38 /* sv */ = {isa = PBXFileReference; lastKnownFileType = text.plist.strings; name = sv; path = sv.lproj/BFKit.strings; sourceTree = "<group>"; };
		ED02E08A1D45FFAC00014D38 /* uk */ = {isa = PBXFileReference; lastKnownFileType = text.plist.strings; name = uk; path = uk.lproj/BFKit.strings; sourceTree = "<group>"; };
		ED02E08B1D45FFAC00014D38 /* vi */ = {isa = PBXFileReference; lastKnownFileType = text.plist.strings; name = vi; path = vi.lproj/BFKit.strings; sourceTree = "<group>"; };
		ED02E08C1D45FFAC00014D38 /* zh-Hans */ = {isa = PBXFileReference; lastKnownFileType = text.plist.strings; name = "zh-Hans"; path = "zh-Hans.lproj/BFKit.strings"; sourceTree = "<group>"; };
		ED02E08D1D45FFAC00014D38 /* zh-Hant */ = {isa = PBXFileReference; lastKnownFileType = text.plist.strings; name = "zh-Hant"; path = "zh-Hant.lproj/BFKit.strings"; sourceTree = "<group>"; };
		ED02E0C51D4611AC00014D38 /* UIView+Extension.swift */ = {isa = PBXFileReference; fileEncoding = 4; lastKnownFileType = sourcecode.swift; path = "UIView+Extension.swift"; sourceTree = "<group>"; };
		ED0C36311D47549F00732057 /* DRNetworkingInterface.swift */ = {isa = PBXFileReference; fileEncoding = 4; lastKnownFileType = sourcecode.swift; path = DRNetworkingInterface.swift; sourceTree = "<group>"; };
		ED0C36341D4754E300732057 /* DRGlobalConfig.swift */ = {isa = PBXFileReference; fileEncoding = 4; lastKnownFileType = sourcecode.swift; path = DRGlobalConfig.swift; sourceTree = "<group>"; };
		ED15C7FA1D40B09E001FF7D3 /* DRScanfCodeVC.swift */ = {isa = PBXFileReference; fileEncoding = 4; lastKnownFileType = sourcecode.swift; path = DRScanfCodeVC.swift; sourceTree = "<group>"; };
		ED15C8011D40C378001FF7D3 /* DRBaseScanfCodeVC.swift */ = {isa = PBXFileReference; fileEncoding = 4; lastKnownFileType = sourcecode.swift; path = DRBaseScanfCodeVC.swift; sourceTree = "<group>"; };
		ED15C8031D40C3B5001FF7D3 /* DRBaseScanfCodeSettingView.swift */ = {isa = PBXFileReference; fileEncoding = 4; lastKnownFileType = sourcecode.swift; path = DRBaseScanfCodeSettingView.swift; sourceTree = "<group>"; };
		ED15C8051D40C3C5001FF7D3 /* DRBaseScanfCodeSettingView.xib */ = {isa = PBXFileReference; fileEncoding = 4; lastKnownFileType = file.xib; path = DRBaseScanfCodeSettingView.xib; sourceTree = "<group>"; };
		ED15C8071D40C62C001FF7D3 /* image_qr_corner_001_@2x.png */ = {isa = PBXFileReference; lastKnownFileType = image.png; path = "image_qr_corner_001_@2x.png"; sourceTree = "<group>"; };
		ED15C8081D40C62C001FF7D3 /* image_qr_corner_001_@3x.png */ = {isa = PBXFileReference; lastKnownFileType = image.png; path = "image_qr_corner_001_@3x.png"; sourceTree = "<group>"; };
		ED15C8091D40C62C001FF7D3 /* image_qr_corner_002_@2x.png */ = {isa = PBXFileReference; lastKnownFileType = image.png; path = "image_qr_corner_002_@2x.png"; sourceTree = "<group>"; };
		ED15C80A1D40C62C001FF7D3 /* image_qr_corner_002_@3x.png */ = {isa = PBXFileReference; lastKnownFileType = image.png; path = "image_qr_corner_002_@3x.png"; sourceTree = "<group>"; };
		ED15C80B1D40C62C001FF7D3 /* image_qr_corner_003_@2x.png */ = {isa = PBXFileReference; lastKnownFileType = image.png; path = "image_qr_corner_003_@2x.png"; sourceTree = "<group>"; };
		ED15C80C1D40C62C001FF7D3 /* image_qr_corner_003_@3x.png */ = {isa = PBXFileReference; lastKnownFileType = image.png; path = "image_qr_corner_003_@3x.png"; sourceTree = "<group>"; };
		ED15C80D1D40C62C001FF7D3 /* image_qr_corner_004_@2x.png */ = {isa = PBXFileReference; lastKnownFileType = image.png; path = "image_qr_corner_004_@2x.png"; sourceTree = "<group>"; };
		ED15C80E1D40C62C001FF7D3 /* image_qr_corner_004_@3x.png */ = {isa = PBXFileReference; lastKnownFileType = image.png; path = "image_qr_corner_004_@3x.png"; sourceTree = "<group>"; };
		ED15C80F1D40C62C001FF7D3 /* image_qr_scan_line_001@2x.png */ = {isa = PBXFileReference; lastKnownFileType = image.png; path = "image_qr_scan_line_001@2x.png"; sourceTree = "<group>"; };
		ED636A801D45E8C4004FE26C /* DRScrollAdvertView.swift */ = {isa = PBXFileReference; fileEncoding = 4; lastKnownFileType = sourcecode.swift; path = DRScrollAdvertView.swift; sourceTree = "<group>"; };
		ED67F5F61D40523200E17A67 /* DRTabBarController.swift */ = {isa = PBXFileReference; fileEncoding = 4; lastKnownFileType = sourcecode.swift; path = DRTabBarController.swift; sourceTree = "<group>"; };
		ED67F5FC1D40524F00E17A67 /* DRAliCloudVC.swift */ = {isa = PBXFileReference; fileEncoding = 4; lastKnownFileType = sourcecode.swift; path = DRAliCloudVC.swift; sourceTree = "<group>"; };
		ED67F5FD1D40524F00E17A67 /* DRAliCloudVC.xib */ = {isa = PBXFileReference; fileEncoding = 4; lastKnownFileType = file.xib; path = DRAliCloudVC.xib; sourceTree = "<group>"; };
		ED67F6001D4052E000E17A67 /* DRPersonVC.swift */ = {isa = PBXFileReference; fileEncoding = 4; lastKnownFileType = sourcecode.swift; path = DRPersonVC.swift; sourceTree = "<group>"; };
		ED67F6011D4052E000E17A67 /* DRPersonVC.xib */ = {isa = PBXFileReference; fileEncoding = 4; lastKnownFileType = file.xib; path = DRPersonVC.xib; sourceTree = "<group>"; };
		ED67F6041D40531D00E17A67 /* DRConsoleVC.swift */ = {isa = PBXFileReference; fileEncoding = 4; lastKnownFileType = sourcecode.swift; path = DRConsoleVC.swift; sourceTree = "<group>"; };
		ED67F6051D40531D00E17A67 /* DRConsoleVC.xib */ = {isa = PBXFileReference; fileEncoding = 4; lastKnownFileType = file.xib; path = DRConsoleVC.xib; sourceTree = "<group>"; };
		ED67F6081D40532C00E17A67 /* DRCloudCacheVC.swift */ = {isa = PBXFileReference; fileEncoding = 4; lastKnownFileType = sourcecode.swift; path = DRCloudCacheVC.swift; sourceTree = "<group>"; };
		ED67F6091D40532C00E17A67 /* DRCloudCacheVC.xib */ = {isa = PBXFileReference; fileEncoding = 4; lastKnownFileType = file.xib; path = DRCloudCacheVC.xib; sourceTree = "<group>"; };
		ED67F60C1D40588900E17A67 /* DRAliCloudDateVC.swift */ = {isa = PBXFileReference; fileEncoding = 4; lastKnownFileType = sourcecode.swift; path = DRAliCloudDateVC.swift; sourceTree = "<group>"; };
		ED67F60D1D40588900E17A67 /* DRAliCloudDateVC.xib */ = {isa = PBXFileReference; fileEncoding = 4; lastKnownFileType = file.xib; path = DRAliCloudDateVC.xib; sourceTree = "<group>"; };
		EDEDD5191D41B80700B8699C /* DRNetworkingManager.swift */ = {isa = PBXFileReference; fileEncoding = 4; lastKnownFileType = sourcecode.swift; path = DRNetworkingManager.swift; sourceTree = "<group>"; };
/* End PBXFileReference section */

/* Begin PBXFrameworksBuildPhase section */
		63F4A6921D3FD5050061BFE8 /* Frameworks */ = {
			isa = PBXFrameworksBuildPhase;
			buildActionMask = 2147483647;
			files = (
			);
			runOnlyForDeploymentPostprocessing = 0;
		};
		63F4A6A61D3FD5050061BFE8 /* Frameworks */ = {
			isa = PBXFrameworksBuildPhase;
			buildActionMask = 2147483647;
			files = (
			);
			runOnlyForDeploymentPostprocessing = 0;
		};
		63F4A6B11D3FD5050061BFE8 /* Frameworks */ = {
			isa = PBXFrameworksBuildPhase;
			buildActionMask = 2147483647;
			files = (
			);
			runOnlyForDeploymentPostprocessing = 0;
		};
/* End PBXFrameworksBuildPhase section */

/* Begin PBXGroup section */
		6340F8761D431F860074FB22 /* DRResource */ = {
			isa = PBXGroup;
			children = (
				6340F8771D431F860074FB22 /* tabImages */,
			);
			path = DRResource;
			sourceTree = "<group>";
		};
		6340F8771D431F860074FB22 /* tabImages */ = {
			isa = PBXGroup;
			children = (
				6340F88B1D431F860074FB22 /* UserHeaderButtonFavoritesSelected.png */,
				6340F88C1D431F860074FB22 /* UserHeaderButtonFavoritesSelected@2x.png */,
				6340F88D1D431F860074FB22 /* UserHeaderButtonFavoritesSelected@3x.png */,
			);
			path = tabImages;
			sourceTree = "<group>";
		};
		63A772701D4347AB002CA441 /* DRBase */ = {
			isa = PBXGroup;
			children = (
				63A772711D4347AB002CA441 /* DRBaseModel */,
				63A772721D4347AB002CA441 /* DRBaseVC */,
				63A772731D4347AB002CA441 /* DRBaseView */,
			);
			path = DRBase;
			sourceTree = "<group>";
		};
		63A772711D4347AB002CA441 /* DRBaseModel */ = {
			isa = PBXGroup;
			children = (
				63A772741D4347BF002CA441 /* DRBaseModel.swift */,
			);
			path = DRBaseModel;
			sourceTree = "<group>";
		};
		63A772721D4347AB002CA441 /* DRBaseVC */ = {
			isa = PBXGroup;
			children = (
				63A772761D4347D5002CA441 /* DRBaseVC.swift */,
				63FE8BC31D43D0640039C242 /* DRNotBaseVC.swift */,
			);
			path = DRBaseVC;
			sourceTree = "<group>";
		};
		63A772731D4347AB002CA441 /* DRBaseView */ = {
			isa = PBXGroup;
			children = (
			);
			path = DRBaseView;
			sourceTree = "<group>";
		};
		63F4A68C1D3FD5050061BFE8 = {
			isa = PBXGroup;
			children = (
				63F4A6971D3FD5050061BFE8 /* DRTourSwift */,
				63F4A6AC1D3FD5050061BFE8 /* DRTourSwiftTests */,
				63F4A6B71D3FD5050061BFE8 /* DRTourSwiftUITests */,
				63F4A6961D3FD5050061BFE8 /* Products */,
			);
			sourceTree = "<group>";
		};
		63F4A6961D3FD5050061BFE8 /* Products */ = {
			isa = PBXGroup;
			children = (
				63F4A6951D3FD5050061BFE8 /* DRTourSwift.app */,
				63F4A6A91D3FD5050061BFE8 /* DRTourSwiftTests.xctest */,
				63F4A6B41D3FD5050061BFE8 /* DRTourSwiftUITests.xctest */,
			);
			name = Products;
			sourceTree = "<group>";
		};
		63F4A6971D3FD5050061BFE8 /* DRTourSwift */ = {
			isa = PBXGroup;
			children = (
				ED0C36331D4754DA00732057 /* DRGlobalConfig */,
				ED02E0BB1D46079100014D38 /* Category */,
				6340F8761D431F860074FB22 /* DRResource */,
				EDEDD5181D41B7F600B8699C /* DRNetworking */,
				63F4A6C61D3FD5560061BFE8 /* DRApp */,
				63F4A6C71D3FD5560061BFE8 /* DRClasss */,
				63F4A6C81D3FD5560061BFE8 /* DRLibs */,
				63F4A69F1D3FD5050061BFE8 /* Assets.xcassets */,
				63F4A6A11D3FD5050061BFE8 /* LaunchScreen.storyboard */,
				63F4A6A41D3FD5050061BFE8 /* Info.plist */,
			);
			path = DRTourSwift;
			sourceTree = "<group>";
		};
		63F4A6AC1D3FD5050061BFE8 /* DRTourSwiftTests */ = {
			isa = PBXGroup;
			children = (
				63F4A6AD1D3FD5050061BFE8 /* DRTourSwiftTests.swift */,
				63F4A6AF1D3FD5050061BFE8 /* Info.plist */,
			);
			path = DRTourSwiftTests;
			sourceTree = "<group>";
		};
		63F4A6B71D3FD5050061BFE8 /* DRTourSwiftUITests */ = {
			isa = PBXGroup;
			children = (
				63F4A6B81D3FD5050061BFE8 /* DRTourSwiftUITests.swift */,
				63F4A6BA1D3FD5050061BFE8 /* Info.plist */,
			);
			path = DRTourSwiftUITests;
			sourceTree = "<group>";
		};
		63F4A6C61D3FD5560061BFE8 /* DRApp */ = {
			isa = PBXGroup;
			children = (
				63F4A6C91D3FD5AC0061BFE8 /* AppDelegate.swift */,
			);
			path = DRApp;
			sourceTree = "<group>";
		};
		63F4A6C71D3FD5560061BFE8 /* DRClasss */ = {
			isa = PBXGroup;
			children = (
				63A772701D4347AB002CA441 /* DRBase */,
				ED67F5F51D40523200E17A67 /* DRTabBar */,
				ED67F5E01D40523200E17A67 /* DRAliCloud */,
				ED67F5E81D40523200E17A67 /* DRConsole */,
				ED67F5E41D40523200E17A67 /* DRCloudCache */,
				ED67F5EF1D40523200E17A67 /* DRPerson */,
			);
			path = DRClasss;
			sourceTree = "<group>";
		};
		63F4A6C81D3FD5560061BFE8 /* DRLibs */ = {
			isa = PBXGroup;
			children = (
				ED02E0511D45FFAC00014D38 /* Source */,
				ED636A7F1D45E8A5004FE26C /* DRScrollAdvertView */,
				ED15C7FE1D40C35A001FF7D3 /* DRBaseScanfCodeVC */,
				63F4A6DF1D3FD6970061BFE8 /* DRAlert */,
				63F4A6D81D3FD6430061BFE8 /* Refresher */,
			);
			path = DRLibs;
			sourceTree = "<group>";
		};
		63F4A6D81D3FD6430061BFE8 /* Refresher */ = {
			isa = PBXGroup;
			children = (
				63F4A6D91D3FD6430061BFE8 /* Animator.swift */,
				63F4A6DA1D3FD6430061BFE8 /* PullToRefreshExtension.swift */,
				63F4A6DB1D3FD6430061BFE8 /* PullToRefreshView.swift */,
			);
			path = Refresher;
			sourceTree = "<group>";
		};
		63F4A6DF1D3FD6970061BFE8 /* DRAlert */ = {
			isa = PBXGroup;
			children = (
				63F4A6E01D3FD6A10061BFE8 /* DRAlert.swift */,
			);
			path = DRAlert;
			sourceTree = "<group>";
		};
		63FE8BC91D43D4B10039C242 /* View */ = {
			isa = PBXGroup;
			children = (
				63FE8BCA1D43D4CC0039C242 /* DRPersonTopView.swift */,
				63FE8BCC1D43D4D20039C242 /* DRPersonTopView.xib */,
			);
			path = View;
			sourceTree = "<group>";
		};
		ED02E0481D45EEED00014D38 /* View */ = {
			isa = PBXGroup;
			children = (
				ED02E0491D45EF1100014D38 /* DRAliCloudTopView.xib */,
				ED02E04B1D45EF2000014D38 /* DRAliCloudTopView.swift */,
				ED02E04D1D45F96600014D38 /* DRAliCloudCell.swift */,
				ED02E04E1D45F96600014D38 /* DRAliCloudCell.xib */,
			);
			path = View;
			sourceTree = "<group>";
		};
		ED02E0511D45FFAC00014D38 /* Source */ = {
			isa = PBXGroup;
			children = (
				ED02E0521D45FFAC00014D38 /* BFKit */,
				ED02E05C1D45FFAC00014D38 /* BFKit.swift */,
				ED02E05D1D45FFAC00014D38 /* Extensions */,
				ED02E0821D45FFAC00014D38 /* Languages */,
			);
			path = Source;
			sourceTree = "<group>";
		};
		ED02E0521D45FFAC00014D38 /* BFKit */ = {
			isa = PBXGroup;
			children = (
				ED02E0531D45FFAC00014D38 /* BFApp.swift */,
				ED02E0541D45FFAC00014D38 /* BFButton.swift */,
				ED02E0551D45FFAC00014D38 /* BFDataStructures.swift */,
				ED02E0561D45FFAC00014D38 /* BFLog.swift */,
				ED02E0571D45FFAC00014D38 /* BFPassword.swift */,
				ED02E0581D45FFAC00014D38 /* BFSystemSound.swift */,
				ED02E0591D45FFAC00014D38 /* BFTextField.swift */,
				ED02E05A1D45FFAC00014D38 /* BFTouchID.swift */,
				ED02E05B1D45FFAC00014D38 /* BFView.swift */,
			);
			path = BFKit;
			sourceTree = "<group>";
		};
		ED02E05D1D45FFAC00014D38 /* Extensions */ = {
			isa = PBXGroup;
			children = (
				ED02E05E1D45FFAC00014D38 /* Foundation */,
				ED02E06E1D45FFAC00014D38 /* UIKit */,
			);
			path = Extensions;
			sourceTree = "<group>";
		};
		ED02E05E1D45FFAC00014D38 /* Foundation */ = {
			isa = PBXGroup;
			children = (
				ED02E05F1D45FFAC00014D38 /* Array+BFKit.swift */,
				ED02E0601D45FFAC00014D38 /* Dictionary+BFKit.swift */,
				ED02E0611D45FFAC00014D38 /* NSArray+BFKit.swift */,
				ED02E0621D45FFAC00014D38 /* NSData+BFKit.swift */,
				ED02E0631D45FFAC00014D38 /* NSDate+BFKit.swift */,
				ED02E0641D45FFAC00014D38 /* NSDictionary+BFKit.swift */,
				ED02E0651D45FFAC00014D38 /* NSFileManager+BFKit.swift */,
				ED02E0661D45FFAC00014D38 /* NSMutableArray+BFKit.swift */,
				ED02E0671D45FFAC00014D38 /* NSMutableDictionary+BFKit.swift */,
				ED02E0681D45FFAC00014D38 /* NSNumber+BFKit.swift */,
				ED02E0691D45FFAC00014D38 /* NSObject+BFKit.swift */,
				ED02E06A1D45FFAC00014D38 /* NSProcessInfo+BFKit.swift */,
				ED02E06B1D45FFAC00014D38 /* NSString+BFKit.swift */,
				ED02E06C1D45FFAC00014D38 /* NSThread+BFKit.swift */,
				ED02E06D1D45FFAC00014D38 /* String+BFKit.swift */,
			);
			path = Foundation;
			sourceTree = "<group>";
		};
		ED02E06E1D45FFAC00014D38 /* UIKit */ = {
			isa = PBXGroup;
			children = (
				ED02E06F1D45FFAC00014D38 /* UIBarButtonItem+BFKit.swift */,
				ED02E0701D45FFAC00014D38 /* UIButton+BFKit.swift */,
				ED02E0711D45FFAC00014D38 /* UIColor+BFKit.swift */,
				ED02E0721D45FFAC00014D38 /* UIDevice+BFKit.swift */,
				ED02E0731D45FFAC00014D38 /* UIFont+BFKit.swift */,
				ED02E0741D45FFAC00014D38 /* UIImage+BFKit.swift */,
				ED02E0751D45FFAC00014D38 /* UIImageView+BFKit.swift */,
				ED02E0761D45FFAC00014D38 /* UILabel+BFKit.swift */,
				ED02E0771D45FFAC00014D38 /* UINavigationBar+BFKit.swift */,
				ED02E0781D45FFAC00014D38 /* UIPasteboard.swift */,
				ED02E0791D45FFAC00014D38 /* UIScreen+BFKit.swift */,
				ED02E07A1D45FFAC00014D38 /* UIScrollView+BFKit.swift */,
				ED02E07B1D45FFAC00014D38 /* UITableView+BFKit.swift */,
				ED02E07C1D45FFAC00014D38 /* UITextField+BFKit.swift */,
				ED02E07D1D45FFAC00014D38 /* UITextView+BFKit.swift */,
				ED02E07E1D45FFAC00014D38 /* UIToolbar+BFKit.swift */,
				ED02E07F1D45FFAC00014D38 /* UIView+BFKit.swift */,
				ED02E0801D45FFAC00014D38 /* UIWebView+BFKit.swift */,
				ED02E0811D45FFAC00014D38 /* UIWindow+BFKit.swift */,
			);
			path = UIKit;
			sourceTree = "<group>";
		};
		ED02E0821D45FFAC00014D38 /* Languages */ = {
			isa = PBXGroup;
			children = (
				ED02E0831D45FFAC00014D38 /* BFKit.strings */,
			);
			path = Languages;
			sourceTree = "<group>";
		};
		ED02E0BB1D46079100014D38 /* Category */ = {
			isa = PBXGroup;
			children = (
				ED02E0C51D4611AC00014D38 /* UIView+Extension.swift */,
			);
			path = Category;
			sourceTree = "<group>";
		};
		ED0C36331D4754DA00732057 /* DRGlobalConfig */ = {
			isa = PBXGroup;
			children = (
				ED0C36341D4754E300732057 /* DRGlobalConfig.swift */,
			);
			path = DRGlobalConfig;
			sourceTree = "<group>";
		};
		ED15C7FE1D40C35A001FF7D3 /* DRBaseScanfCodeVC */ = {
			isa = PBXGroup;
			children = (
				ED15C8011D40C378001FF7D3 /* DRBaseScanfCodeVC.swift */,
				ED15C8031D40C3B5001FF7D3 /* DRBaseScanfCodeSettingView.swift */,
				ED15C8051D40C3C5001FF7D3 /* DRBaseScanfCodeSettingView.xib */,
				ED15C8071D40C62C001FF7D3 /* image_qr_corner_001_@2x.png */,
				ED15C8081D40C62C001FF7D3 /* image_qr_corner_001_@3x.png */,
				ED15C8091D40C62C001FF7D3 /* image_qr_corner_002_@2x.png */,
				ED15C80A1D40C62C001FF7D3 /* image_qr_corner_002_@3x.png */,
				ED15C80B1D40C62C001FF7D3 /* image_qr_corner_003_@2x.png */,
				ED15C80C1D40C62C001FF7D3 /* image_qr_corner_003_@3x.png */,
				ED15C80D1D40C62C001FF7D3 /* image_qr_corner_004_@2x.png */,
				ED15C80E1D40C62C001FF7D3 /* image_qr_corner_004_@3x.png */,
				ED15C80F1D40C62C001FF7D3 /* image_qr_scan_line_001@2x.png */,
			);
			path = DRBaseScanfCodeVC;
			sourceTree = "<group>";
		};
		ED636A7F1D45E8A5004FE26C /* DRScrollAdvertView */ = {
			isa = PBXGroup;
			children = (
				ED636A801D45E8C4004FE26C /* DRScrollAdvertView.swift */,
			);
			path = DRScrollAdvertView;
			sourceTree = "<group>";
		};
		ED67F5E01D40523200E17A67 /* DRAliCloud */ = {
			isa = PBXGroup;
			children = (
				ED67F5E11D40523200E17A67 /* Controller */,
				ED02E0481D45EEED00014D38 /* View */,
				ED67F5E21D40523200E17A67 /* Model */,
			);
			path = DRAliCloud;
			sourceTree = "<group>";
		};
		ED67F5E11D40523200E17A67 /* Controller */ = {
			isa = PBXGroup;
			children = (
				ED67F5FC1D40524F00E17A67 /* DRAliCloudVC.swift */,
				ED67F5FD1D40524F00E17A67 /* DRAliCloudVC.xib */,
				ED67F60C1D40588900E17A67 /* DRAliCloudDateVC.swift */,
				ED67F60D1D40588900E17A67 /* DRAliCloudDateVC.xib */,
				ED15C7FA1D40B09E001FF7D3 /* DRScanfCodeVC.swift */,
			);
			path = Controller;
			sourceTree = "<group>";
		};
		ED67F5E21D40523200E17A67 /* Model */ = {
			isa = PBXGroup;
			children = (
			);
			path = Model;
			sourceTree = "<group>";
		};
		ED67F5E41D40523200E17A67 /* DRCloudCache */ = {
			isa = PBXGroup;
			children = (
				ED67F5E51D40523200E17A67 /* Controller */,
				ED67F5E61D40523200E17A67 /* Model */,
				ED67F5E71D40523200E17A67 /* View */,
			);
			path = DRCloudCache;
			sourceTree = "<group>";
		};
		ED67F5E51D40523200E17A67 /* Controller */ = {
			isa = PBXGroup;
			children = (
				ED67F6081D40532C00E17A67 /* DRCloudCacheVC.swift */,
				ED67F6091D40532C00E17A67 /* DRCloudCacheVC.xib */,
			);
			path = Controller;
			sourceTree = "<group>";
		};
		ED67F5E61D40523200E17A67 /* Model */ = {
			isa = PBXGroup;
			children = (
			);
			path = Model;
			sourceTree = "<group>";
		};
		ED67F5E71D40523200E17A67 /* View */ = {
			isa = PBXGroup;
			children = (
			);
			path = View;
			sourceTree = "<group>";
		};
		ED67F5E81D40523200E17A67 /* DRConsole */ = {
			isa = PBXGroup;
			children = (
				ED67F5E91D40523200E17A67 /* Controller */,
				ED67F5EA1D40523200E17A67 /* Model */,
				ED67F5EB1D40523200E17A67 /* View */,
			);
			path = DRConsole;
			sourceTree = "<group>";
		};
		ED67F5E91D40523200E17A67 /* Controller */ = {
			isa = PBXGroup;
			children = (
				ED67F6041D40531D00E17A67 /* DRConsoleVC.swift */,
				ED67F6051D40531D00E17A67 /* DRConsoleVC.xib */,
			);
			path = Controller;
			sourceTree = "<group>";
		};
		ED67F5EA1D40523200E17A67 /* Model */ = {
			isa = PBXGroup;
			children = (
			);
			path = Model;
			sourceTree = "<group>";
		};
		ED67F5EB1D40523200E17A67 /* View */ = {
			isa = PBXGroup;
			children = (
			);
			path = View;
			sourceTree = "<group>";
		};
		ED67F5EF1D40523200E17A67 /* DRPerson */ = {
			isa = PBXGroup;
			children = (
				63FE8BC91D43D4B10039C242 /* View */,
				ED67F5F01D40523200E17A67 /* Controller */,
				ED67F5F31D40523200E17A67 /* Model */,
			);
			path = DRPerson;
			sourceTree = "<group>";
		};
		ED67F5F01D40523200E17A67 /* Controller */ = {
			isa = PBXGroup;
			children = (
				ED67F6001D4052E000E17A67 /* DRPersonVC.swift */,
				ED67F6011D4052E000E17A67 /* DRPersonVC.xib */,
				6340F8A41D43286B0074FB22 /* DRSettingVC.swift */,
				6340F8A51D43286B0074FB22 /* DRSettingVC.xib */,
				63FE8BC51D43D3EB0039C242 /* DRNewsVC.swift */,
				63FE8BC61D43D3EB0039C242 /* DRNewsVC.xib */,
			);
			path = Controller;
			sourceTree = "<group>";
		};
		ED67F5F31D40523200E17A67 /* Model */ = {
			isa = PBXGroup;
			children = (
			);
			path = Model;
			sourceTree = "<group>";
		};
		ED67F5F51D40523200E17A67 /* DRTabBar */ = {
			isa = PBXGroup;
			children = (
				ED67F5F61D40523200E17A67 /* DRTabBarController.swift */,
			);
			path = DRTabBar;
			sourceTree = "<group>";
		};
		EDEDD5181D41B7F600B8699C /* DRNetworking */ = {
			isa = PBXGroup;
			children = (
				ED0C36311D47549F00732057 /* DRNetworkingInterface.swift */,
				EDEDD5191D41B80700B8699C /* DRNetworkingManager.swift */,
			);
			path = DRNetworking;
			sourceTree = "<group>";
		};
/* End PBXGroup section */

/* Begin PBXNativeTarget section */
		63F4A6941D3FD5050061BFE8 /* DRTourSwift */ = {
			isa = PBXNativeTarget;
			buildConfigurationList = 63F4A6BD1D3FD5050061BFE8 /* Build configuration list for PBXNativeTarget "DRTourSwift" */;
			buildPhases = (
				63F4A6911D3FD5050061BFE8 /* Sources */,
				63F4A6921D3FD5050061BFE8 /* Frameworks */,
				63F4A6931D3FD5050061BFE8 /* Resources */,
				ED9091B31D4062BE009D0B58 /* Embed Frameworks */,
			);
			buildRules = (
			);
			dependencies = (
			);
			name = DRTourSwift;
			productName = DRTourSwift;
			productReference = 63F4A6951D3FD5050061BFE8 /* DRTourSwift.app */;
			productType = "com.apple.product-type.application";
		};
		63F4A6A81D3FD5050061BFE8 /* DRTourSwiftTests */ = {
			isa = PBXNativeTarget;
			buildConfigurationList = 63F4A6C01D3FD5050061BFE8 /* Build configuration list for PBXNativeTarget "DRTourSwiftTests" */;
			buildPhases = (
				63F4A6A51D3FD5050061BFE8 /* Sources */,
				63F4A6A61D3FD5050061BFE8 /* Frameworks */,
				63F4A6A71D3FD5050061BFE8 /* Resources */,
			);
			buildRules = (
			);
			dependencies = (
				63F4A6AB1D3FD5050061BFE8 /* PBXTargetDependency */,
			);
			name = DRTourSwiftTests;
			productName = DRTourSwiftTests;
			productReference = 63F4A6A91D3FD5050061BFE8 /* DRTourSwiftTests.xctest */;
			productType = "com.apple.product-type.bundle.unit-test";
		};
		63F4A6B31D3FD5050061BFE8 /* DRTourSwiftUITests */ = {
			isa = PBXNativeTarget;
			buildConfigurationList = 63F4A6C31D3FD5050061BFE8 /* Build configuration list for PBXNativeTarget "DRTourSwiftUITests" */;
			buildPhases = (
				63F4A6B01D3FD5050061BFE8 /* Sources */,
				63F4A6B11D3FD5050061BFE8 /* Frameworks */,
				63F4A6B21D3FD5050061BFE8 /* Resources */,
			);
			buildRules = (
			);
			dependencies = (
				63F4A6B61D3FD5050061BFE8 /* PBXTargetDependency */,
			);
			name = DRTourSwiftUITests;
			productName = DRTourSwiftUITests;
			productReference = 63F4A6B41D3FD5050061BFE8 /* DRTourSwiftUITests.xctest */;
			productType = "com.apple.product-type.bundle.ui-testing";
		};
/* End PBXNativeTarget section */

/* Begin PBXProject section */
		63F4A68D1D3FD5050061BFE8 /* Project object */ = {
			isa = PBXProject;
			attributes = {
				LastSwiftUpdateCheck = 0730;
				LastUpgradeCheck = 0730;
				ORGANIZATIONNAME = LiangDahong;
				TargetAttributes = {
					63F4A6941D3FD5050061BFE8 = {
						CreatedOnToolsVersion = 7.3;
					};
					63F4A6A81D3FD5050061BFE8 = {
						CreatedOnToolsVersion = 7.3;
						TestTargetID = 63F4A6941D3FD5050061BFE8;
					};
					63F4A6B31D3FD5050061BFE8 = {
						CreatedOnToolsVersion = 7.3;
						TestTargetID = 63F4A6941D3FD5050061BFE8;
					};
				};
			};
			buildConfigurationList = 63F4A6901D3FD5050061BFE8 /* Build configuration list for PBXProject "DRTourSwift" */;
			compatibilityVersion = "Xcode 3.2";
			developmentRegion = English;
			hasScannedForEncodings = 0;
			knownRegions = (
				en,
				Base,
				id,
				it,
				"pt-BR",
				ru,
				sv,
				uk,
				vi,
				"zh-Hans",
				"zh-Hant",
			);
			mainGroup = 63F4A68C1D3FD5050061BFE8;
			productRefGroup = 63F4A6961D3FD5050061BFE8 /* Products */;
			projectDirPath = "";
			projectRoot = "";
			targets = (
				63F4A6941D3FD5050061BFE8 /* DRTourSwift */,
				63F4A6A81D3FD5050061BFE8 /* DRTourSwiftTests */,
				63F4A6B31D3FD5050061BFE8 /* DRTourSwiftUITests */,
			);
		};
/* End PBXProject section */

/* Begin PBXResourcesBuildPhase section */
		63F4A6931D3FD5050061BFE8 /* Resources */ = {
			isa = PBXResourcesBuildPhase;
			buildActionMask = 2147483647;
			files = (
				63F4A6A31D3FD5050061BFE8 /* LaunchScreen.storyboard in Resources */,
				ED15C8141D40C62C001FF7D3 /* image_qr_corner_003_@2x.png in Resources */,
				ED15C8161D40C62C001FF7D3 /* image_qr_corner_004_@2x.png in Resources */,
				ED67F60B1D40532C00E17A67 /* DRCloudCacheVC.xib in Resources */,
				ED15C8101D40C62C001FF7D3 /* image_qr_corner_001_@2x.png in Resources */,
				ED02E0BA1D45FFAC00014D38 /* BFKit.strings in Resources */,
				6340F8A11D431F860074FB22 /* UserHeaderButtonFavoritesSelected.png in Resources */,
				ED67F6031D4052E000E17A67 /* DRPersonVC.xib in Resources */,
				ED02E04A1D45EF1100014D38 /* DRAliCloudTopView.xib in Resources */,
				63F4A6A01D3FD5050061BFE8 /* Assets.xcassets in Resources */,
				ED15C8181D40C62C001FF7D3 /* image_qr_scan_line_001@2x.png in Resources */,
				ED15C8111D40C62C001FF7D3 /* image_qr_corner_001_@3x.png in Resources */,
				ED15C8171D40C62C001FF7D3 /* image_qr_corner_004_@3x.png in Resources */,
				63FE8BCD1D43D4D20039C242 /* DRPersonTopView.xib in Resources */,
				ED02E0501D45F96600014D38 /* DRAliCloudCell.xib in Resources */,
				63FE8BC81D43D3EB0039C242 /* DRNewsVC.xib in Resources */,
				ED15C8151D40C62C001FF7D3 /* image_qr_corner_003_@3x.png in Resources */,
				6340F8A21D431F860074FB22 /* UserHeaderButtonFavoritesSelected@2x.png in Resources */,
				ED67F6071D40531D00E17A67 /* DRConsoleVC.xib in Resources */,
				ED67F5FF1D40524F00E17A67 /* DRAliCloudVC.xib in Resources */,
				ED67F60F1D40588900E17A67 /* DRAliCloudDateVC.xib in Resources */,
				ED15C8121D40C62C001FF7D3 /* image_qr_corner_002_@2x.png in Resources */,
				ED15C8131D40C62C001FF7D3 /* image_qr_corner_002_@3x.png in Resources */,
				ED15C8061D40C3C5001FF7D3 /* DRBaseScanfCodeSettingView.xib in Resources */,
				6340F8A31D431F860074FB22 /* UserHeaderButtonFavoritesSelected@3x.png in Resources */,
				6340F8A71D43286B0074FB22 /* DRSettingVC.xib in Resources */,
			);
			runOnlyForDeploymentPostprocessing = 0;
		};
		63F4A6A71D3FD5050061BFE8 /* Resources */ = {
			isa = PBXResourcesBuildPhase;
			buildActionMask = 2147483647;
			files = (
			);
			runOnlyForDeploymentPostprocessing = 0;
		};
		63F4A6B21D3FD5050061BFE8 /* Resources */ = {
			isa = PBXResourcesBuildPhase;
			buildActionMask = 2147483647;
			files = (
			);
			runOnlyForDeploymentPostprocessing = 0;
		};
/* End PBXResourcesBuildPhase section */

/* Begin PBXSourcesBuildPhase section */
		63F4A6911D3FD5050061BFE8 /* Sources */ = {
			isa = PBXSourcesBuildPhase;
			buildActionMask = 2147483647;
			files = (
				ED02E0A21D45FFAC00014D38 /* NSObject+BFKit.swift in Sources */,
				ED02E09E1D45FFAC00014D38 /* NSFileManager+BFKit.swift in Sources */,
				ED15C8041D40C3B5001FF7D3 /* DRBaseScanfCodeSettingView.swift in Sources */,
				ED02E0A31D45FFAC00014D38 /* NSProcessInfo+BFKit.swift in Sources */,
				63FE8BC41D43D0640039C242 /* DRNotBaseVC.swift in Sources */,
				ED02E0951D45FFAC00014D38 /* BFTouchID.swift in Sources */,
				ED02E04F1D45F96600014D38 /* DRAliCloudCell.swift in Sources */,
				63F4A6DC1D3FD6430061BFE8 /* Animator.swift in Sources */,
				ED02E0C71D4611AC00014D38 /* UIView+Extension.swift in Sources */,
				ED636A811D45E8C4004FE26C /* DRScrollAdvertView.swift in Sources */,
				ED15C8021D40C378001FF7D3 /* DRBaseScanfCodeVC.swift in Sources */,
				ED02E0B31D45FFAC00014D38 /* UITableView+BFKit.swift in Sources */,
				63FE8BCB1D43D4CC0039C242 /* DRPersonTopView.swift in Sources */,
				ED02E0A81D45FFAC00014D38 /* UIButton+BFKit.swift in Sources */,
				ED02E0A41D45FFAC00014D38 /* NSString+BFKit.swift in Sources */,
				ED02E04C1D45EF2000014D38 /* DRAliCloudTopView.swift in Sources */,
				ED02E0B71D45FFAC00014D38 /* UIView+BFKit.swift in Sources */,
				ED02E0A91D45FFAC00014D38 /* UIColor+BFKit.swift in Sources */,
				ED02E0A71D45FFAC00014D38 /* UIBarButtonItem+BFKit.swift in Sources */,
				ED02E0B21D45FFAC00014D38 /* UIScrollView+BFKit.swift in Sources */,
				ED02E09B1D45FFAC00014D38 /* NSData+BFKit.swift in Sources */,
				ED67F60A1D40532C00E17A67 /* DRCloudCacheVC.swift in Sources */,
				ED67F6061D40531D00E17A67 /* DRConsoleVC.swift in Sources */,
				ED02E0A61D45FFAC00014D38 /* String+BFKit.swift in Sources */,
				ED67F6021D4052E000E17A67 /* DRPersonVC.swift in Sources */,
				ED67F5FB1D40523200E17A67 /* DRTabBarController.swift in Sources */,
				63F4A6CA1D3FD5AC0061BFE8 /* AppDelegate.swift in Sources */,
				ED02E0B81D45FFAC00014D38 /* UIWebView+BFKit.swift in Sources */,
				ED02E0A11D45FFAC00014D38 /* NSNumber+BFKit.swift in Sources */,
				63F4A6DE1D3FD6430061BFE8 /* PullToRefreshView.swift in Sources */,
				ED02E0931D45FFAC00014D38 /* BFSystemSound.swift in Sources */,
				ED02E0AA1D45FFAC00014D38 /* UIDevice+BFKit.swift in Sources */,
				ED02E08E1D45FFAC00014D38 /* BFApp.swift in Sources */,
				ED02E0B61D45FFAC00014D38 /* UIToolbar+BFKit.swift in Sources */,
				ED02E0B11D45FFAC00014D38 /* UIScreen+BFKit.swift in Sources */,
				6340F8A61D43286B0074FB22 /* DRSettingVC.swift in Sources */,
				ED02E0AB1D45FFAC00014D38 /* UIFont+BFKit.swift in Sources */,
				ED02E09F1D45FFAC00014D38 /* NSMutableArray+BFKit.swift in Sources */,
				63F4A6E11D3FD6A10061BFE8 /* DRAlert.swift in Sources */,
				ED0C36321D47549F00732057 /* DRNetworkingInterface.swift in Sources */,
				ED02E09C1D45FFAC00014D38 /* NSDate+BFKit.swift in Sources */,
				ED02E0A01D45FFAC00014D38 /* NSMutableDictionary+BFKit.swift in Sources */,
				ED02E0AE1D45FFAC00014D38 /* UILabel+BFKit.swift in Sources */,
				ED02E09D1D45FFAC00014D38 /* NSDictionary+BFKit.swift in Sources */,
				ED02E0901D45FFAC00014D38 /* BFDataStructures.swift in Sources */,
				ED02E0971D45FFAC00014D38 /* BFKit.swift in Sources */,
				ED02E0B01D45FFAC00014D38 /* UIPasteboard.swift in Sources */,
				ED02E0B51D45FFAC00014D38 /* UITextView+BFKit.swift in Sources */,
				ED02E0921D45FFAC00014D38 /* BFPassword.swift in Sources */,
				63F4A6DD1D3FD6430061BFE8 /* PullToRefreshExtension.swift in Sources */,
				ED02E0B41D45FFAC00014D38 /* UITextField+BFKit.swift in Sources */,
				ED15C7FB1D40B09E001FF7D3 /* DRScanfCodeVC.swift in Sources */,
				ED02E0941D45FFAC00014D38 /* BFTextField.swift in Sources */,
				ED02E0AD1D45FFAC00014D38 /* UIImageView+BFKit.swift in Sources */,
				ED02E0B91D45FFAC00014D38 /* UIWindow+BFKit.swift in Sources */,
				ED02E0A51D45FFAC00014D38 /* NSThread+BFKit.swift in Sources */,
				ED0C36351D4754E300732057 /* DRGlobalConfig.swift in Sources */,
				ED02E0911D45FFAC00014D38 /* BFLog.swift in Sources */,
				ED02E0991D45FFAC00014D38 /* Dictionary+BFKit.swift in Sources */,
				63A772771D4347D5002CA441 /* DRBaseVC.swift in Sources */,
				ED67F5FE1D40524F00E17A67 /* DRAliCloudVC.swift in Sources */,
				63A772751D4347BF002CA441 /* DRBaseModel.swift in Sources */,
				ED02E09A1D45FFAC00014D38 /* NSArray+BFKit.swift in Sources */,
				ED02E0AF1D45FFAC00014D38 /* UINavigationBar+BFKit.swift in Sources */,
				ED02E0981D45FFAC00014D38 /* Array+BFKit.swift in Sources */,
				63FE8BC71D43D3EB0039C242 /* DRNewsVC.swift in Sources */,
				EDEDD51A1D41B80700B8699C /* DRNetworkingManager.swift in Sources */,
				ED67F60E1D40588900E17A67 /* DRAliCloudDateVC.swift in Sources */,
				ED02E0AC1D45FFAC00014D38 /* UIImage+BFKit.swift in Sources */,
				ED02E08F1D45FFAC00014D38 /* BFButton.swift in Sources */,
				ED02E0961D45FFAC00014D38 /* BFView.swift in Sources */,
			);
			runOnlyForDeploymentPostprocessing = 0;
		};
		63F4A6A51D3FD5050061BFE8 /* Sources */ = {
			isa = PBXSourcesBuildPhase;
			buildActionMask = 2147483647;
			files = (
				63F4A6AE1D3FD5050061BFE8 /* DRTourSwiftTests.swift in Sources */,
			);
			runOnlyForDeploymentPostprocessing = 0;
		};
		63F4A6B01D3FD5050061BFE8 /* Sources */ = {
			isa = PBXSourcesBuildPhase;
			buildActionMask = 2147483647;
			files = (
				63F4A6B91D3FD5050061BFE8 /* DRTourSwiftUITests.swift in Sources */,
			);
			runOnlyForDeploymentPostprocessing = 0;
		};
/* End PBXSourcesBuildPhase section */

/* Begin PBXTargetDependency section */
		63F4A6AB1D3FD5050061BFE8 /* PBXTargetDependency */ = {
			isa = PBXTargetDependency;
			target = 63F4A6941D3FD5050061BFE8 /* DRTourSwift */;
			targetProxy = 63F4A6AA1D3FD5050061BFE8 /* PBXContainerItemProxy */;
		};
		63F4A6B61D3FD5050061BFE8 /* PBXTargetDependency */ = {
			isa = PBXTargetDependency;
			target = 63F4A6941D3FD5050061BFE8 /* DRTourSwift */;
			targetProxy = 63F4A6B51D3FD5050061BFE8 /* PBXContainerItemProxy */;
		};
/* End PBXTargetDependency section */

/* Begin PBXVariantGroup section */
		63F4A6A11D3FD5050061BFE8 /* LaunchScreen.storyboard */ = {
			isa = PBXVariantGroup;
			children = (
				63F4A6A21D3FD5050061BFE8 /* Base */,
			);
			name = LaunchScreen.storyboard;
			sourceTree = "<group>";
		};
		ED02E0831D45FFAC00014D38 /* BFKit.strings */ = {
			isa = PBXVariantGroup;
			children = (
				ED02E0841D45FFAC00014D38 /* en */,
				ED02E0851D45FFAC00014D38 /* id */,
				ED02E0861D45FFAC00014D38 /* it */,
				ED02E0871D45FFAC00014D38 /* pt-BR */,
				ED02E0881D45FFAC00014D38 /* ru */,
				ED02E0891D45FFAC00014D38 /* sv */,
				ED02E08A1D45FFAC00014D38 /* uk */,
				ED02E08B1D45FFAC00014D38 /* vi */,
				ED02E08C1D45FFAC00014D38 /* zh-Hans */,
				ED02E08D1D45FFAC00014D38 /* zh-Hant */,
			);
			name = BFKit.strings;
			sourceTree = "<group>";
		};
/* End PBXVariantGroup section */

/* Begin XCBuildConfiguration section */
		63F4A6BB1D3FD5050061BFE8 /* Debug */ = {
			isa = XCBuildConfiguration;
			buildSettings = {
				ALWAYS_SEARCH_USER_PATHS = NO;
				CLANG_ANALYZER_NONNULL = YES;
				CLANG_CXX_LANGUAGE_STANDARD = "gnu++0x";
				CLANG_CXX_LIBRARY = "libc++";
				CLANG_ENABLE_MODULES = YES;
				CLANG_ENABLE_OBJC_ARC = YES;
				CLANG_WARN_BOOL_CONVERSION = YES;
				CLANG_WARN_CONSTANT_CONVERSION = YES;
				CLANG_WARN_DIRECT_OBJC_ISA_USAGE = YES_ERROR;
				CLANG_WARN_EMPTY_BODY = YES;
				CLANG_WARN_ENUM_CONVERSION = YES;
				CLANG_WARN_INT_CONVERSION = YES;
				CLANG_WARN_OBJC_ROOT_CLASS = YES_ERROR;
				CLANG_WARN_UNREACHABLE_CODE = YES;
				CLANG_WARN__DUPLICATE_METHOD_MATCH = YES;
				"CODE_SIGN_IDENTITY[sdk=iphoneos*]" = "iPhone Developer";
				COPY_PHASE_STRIP = NO;
				DEBUG_INFORMATION_FORMAT = dwarf;
				ENABLE_STRICT_OBJC_MSGSEND = YES;
				ENABLE_TESTABILITY = YES;
				GCC_C_LANGUAGE_STANDARD = gnu99;
				GCC_DYNAMIC_NO_PIC = NO;
				GCC_NO_COMMON_BLOCKS = YES;
				GCC_OPTIMIZATION_LEVEL = 0;
				GCC_PREPROCESSOR_DEFINITIONS = (
					"DEBUG=1",
					"$(inherited)",
				);
				GCC_WARN_64_TO_32_BIT_CONVERSION = YES;
				GCC_WARN_ABOUT_RETURN_TYPE = YES_ERROR;
				GCC_WARN_UNDECLARED_SELECTOR = YES;
				GCC_WARN_UNINITIALIZED_AUTOS = YES_AGGRESSIVE;
				GCC_WARN_UNUSED_FUNCTION = YES;
				GCC_WARN_UNUSED_VARIABLE = YES;
				IPHONEOS_DEPLOYMENT_TARGET = 9.3;
				MTL_ENABLE_DEBUG_INFO = YES;
				ONLY_ACTIVE_ARCH = YES;
				SDKROOT = iphoneos;
				SWIFT_OPTIMIZATION_LEVEL = "-Onone";
				TARGETED_DEVICE_FAMILY = "1,2";
			};
			name = Debug;
		};
		63F4A6BC1D3FD5050061BFE8 /* Release */ = {
			isa = XCBuildConfiguration;
			buildSettings = {
				ALWAYS_SEARCH_USER_PATHS = NO;
				CLANG_ANALYZER_NONNULL = YES;
				CLANG_CXX_LANGUAGE_STANDARD = "gnu++0x";
				CLANG_CXX_LIBRARY = "libc++";
				CLANG_ENABLE_MODULES = YES;
				CLANG_ENABLE_OBJC_ARC = YES;
				CLANG_WARN_BOOL_CONVERSION = YES;
				CLANG_WARN_CONSTANT_CONVERSION = YES;
				CLANG_WARN_DIRECT_OBJC_ISA_USAGE = YES_ERROR;
				CLANG_WARN_EMPTY_BODY = YES;
				CLANG_WARN_ENUM_CONVERSION = YES;
				CLANG_WARN_INT_CONVERSION = YES;
				CLANG_WARN_OBJC_ROOT_CLASS = YES_ERROR;
				CLANG_WARN_UNREACHABLE_CODE = YES;
				CLANG_WARN__DUPLICATE_METHOD_MATCH = YES;
				"CODE_SIGN_IDENTITY[sdk=iphoneos*]" = "iPhone Developer";
				COPY_PHASE_STRIP = NO;
				DEBUG_INFORMATION_FORMAT = "dwarf-with-dsym";
				ENABLE_NS_ASSERTIONS = NO;
				ENABLE_STRICT_OBJC_MSGSEND = YES;
				GCC_C_LANGUAGE_STANDARD = gnu99;
				GCC_NO_COMMON_BLOCKS = YES;
				GCC_WARN_64_TO_32_BIT_CONVERSION = YES;
				GCC_WARN_ABOUT_RETURN_TYPE = YES_ERROR;
				GCC_WARN_UNDECLARED_SELECTOR = YES;
				GCC_WARN_UNINITIALIZED_AUTOS = YES_AGGRESSIVE;
				GCC_WARN_UNUSED_FUNCTION = YES;
				GCC_WARN_UNUSED_VARIABLE = YES;
				IPHONEOS_DEPLOYMENT_TARGET = 9.3;
				MTL_ENABLE_DEBUG_INFO = NO;
				SDKROOT = iphoneos;
				TARGETED_DEVICE_FAMILY = "1,2";
				VALIDATE_PRODUCT = YES;
			};
			name = Release;
		};
		63F4A6BE1D3FD5050061BFE8 /* Debug */ = {
			isa = XCBuildConfiguration;
			buildSettings = {
				ASSETCATALOG_COMPILER_APPICON_NAME = AppIcon;
				EMBEDDED_CONTENT_CONTAINS_SWIFT = YES;
				INFOPLIST_FILE = DRTourSwift/Info.plist;
				IPHONEOS_DEPLOYMENT_TARGET = 8.0;
				LD_RUNPATH_SEARCH_PATHS = "$(inherited) @executable_path/Frameworks";
				PRODUCT_BUNDLE_IDENTIFIER = cn.com.bluemoon.DRTourSwift;
				PRODUCT_NAME = "$(TARGET_NAME)";
			};
			name = Debug;
		};
		63F4A6BF1D3FD5050061BFE8 /* Release */ = {
			isa = XCBuildConfiguration;
			buildSettings = {
				ASSETCATALOG_COMPILER_APPICON_NAME = AppIcon;
				EMBEDDED_CONTENT_CONTAINS_SWIFT = YES;
				INFOPLIST_FILE = DRTourSwift/Info.plist;
				IPHONEOS_DEPLOYMENT_TARGET = 8.0;
				LD_RUNPATH_SEARCH_PATHS = "$(inherited) @executable_path/Frameworks";
				PRODUCT_BUNDLE_IDENTIFIER = cn.com.bluemoon.DRTourSwift;
				PRODUCT_NAME = "$(TARGET_NAME)";
			};
			name = Release;
		};
		63F4A6C11D3FD5050061BFE8 /* Debug */ = {
			isa = XCBuildConfiguration;
			buildSettings = {
				BUNDLE_LOADER = "$(TEST_HOST)";
				INFOPLIST_FILE = DRTourSwiftTests/Info.plist;
				LD_RUNPATH_SEARCH_PATHS = "$(inherited) @executable_path/Frameworks @loader_path/Frameworks";
				PRODUCT_BUNDLE_IDENTIFIER = cn.com.bluemoon.DRTourSwiftTests;
				PRODUCT_NAME = "$(TARGET_NAME)";
				TEST_HOST = "$(BUILT_PRODUCTS_DIR)/DRTourSwift.app/DRTourSwift";
			};
			name = Debug;
		};
		63F4A6C21D3FD5050061BFE8 /* Release */ = {
			isa = XCBuildConfiguration;
			buildSettings = {
				BUNDLE_LOADER = "$(TEST_HOST)";
				INFOPLIST_FILE = DRTourSwiftTests/Info.plist;
				LD_RUNPATH_SEARCH_PATHS = "$(inherited) @executable_path/Frameworks @loader_path/Frameworks";
				PRODUCT_BUNDLE_IDENTIFIER = cn.com.bluemoon.DRTourSwiftTests;
				PRODUCT_NAME = "$(TARGET_NAME)";
				TEST_HOST = "$(BUILT_PRODUCTS_DIR)/DRTourSwift.app/DRTourSwift";
			};
			name = Release;
		};
		63F4A6C41D3FD5050061BFE8 /* Debug */ = {
			isa = XCBuildConfiguration;
			buildSettings = {
				INFOPLIST_FILE = DRTourSwiftUITests/Info.plist;
				LD_RUNPATH_SEARCH_PATHS = "$(inherited) @executable_path/Frameworks @loader_path/Frameworks";
				PRODUCT_BUNDLE_IDENTIFIER = cn.com.bluemoon.DRTourSwiftUITests;
				PRODUCT_NAME = "$(TARGET_NAME)";
				TEST_TARGET_NAME = DRTourSwift;
			};
			name = Debug;
		};
		63F4A6C51D3FD5050061BFE8 /* Release */ = {
			isa = XCBuildConfiguration;
			buildSettings = {
				INFOPLIST_FILE = DRTourSwiftUITests/Info.plist;
				LD_RUNPATH_SEARCH_PATHS = "$(inherited) @executable_path/Frameworks @loader_path/Frameworks";
				PRODUCT_BUNDLE_IDENTIFIER = cn.com.bluemoon.DRTourSwiftUITests;
				PRODUCT_NAME = "$(TARGET_NAME)";
				TEST_TARGET_NAME = DRTourSwift;
			};
			name = Release;
		};
/* End XCBuildConfiguration section */

/* Begin XCConfigurationList section */
		63F4A6901D3FD5050061BFE8 /* Build configuration list for PBXProject "DRTourSwift" */ = {
			isa = XCConfigurationList;
			buildConfigurations = (
				63F4A6BB1D3FD5050061BFE8 /* Debug */,
				63F4A6BC1D3FD5050061BFE8 /* Release */,
			);
			defaultConfigurationIsVisible = 0;
			defaultConfigurationName = Release;
		};
		63F4A6BD1D3FD5050061BFE8 /* Build configuration list for PBXNativeTarget "DRTourSwift" */ = {
			isa = XCConfigurationList;
			buildConfigurations = (
				63F4A6BE1D3FD5050061BFE8 /* Debug */,
				63F4A6BF1D3FD5050061BFE8 /* Release */,
			);
			defaultConfigurationIsVisible = 0;
			defaultConfigurationName = Release;
		};
		63F4A6C01D3FD5050061BFE8 /* Build configuration list for PBXNativeTarget "DRTourSwiftTests" */ = {
			isa = XCConfigurationList;
			buildConfigurations = (
				63F4A6C11D3FD5050061BFE8 /* Debug */,
				63F4A6C21D3FD5050061BFE8 /* Release */,
			);
			defaultConfigurationIsVisible = 0;
			defaultConfigurationName = Release;
		};
		63F4A6C31D3FD5050061BFE8 /* Build configuration list for PBXNativeTarget "DRTourSwiftUITests" */ = {
			isa = XCConfigurationList;
			buildConfigurations = (
				63F4A6C41D3FD5050061BFE8 /* Debug */,
				63F4A6C51D3FD5050061BFE8 /* Release */,
			);
			defaultConfigurationIsVisible = 0;
			defaultConfigurationName = Release;
		};
/* End XCConfigurationList section */
	};
	rootObject = 63F4A68D1D3FD5050061BFE8 /* Project object */;
}
